// !$*UTF8*$!
{
	archiveVersion = 1;
	classes = {
	};
	objectVersion = 56;
	objects = {

/* Begin PBXBuildFile section */
		B512CBF52A4B6EEB003BBD17 /* AddMonitorView.swift in Sources */ = {isa = PBXBuildFile; fileRef = B512CBF42A4B6EEB003BBD17 /* AddMonitorView.swift */; };
		B53DA5602A4E0A5B006C7D53 /* MonitorDetailView.swift in Sources */ = {isa = PBXBuildFile; fileRef = B53DA55F2A4E0A5B006C7D53 /* MonitorDetailView.swift */; };
		B53DA5622A4E0D37006C7D53 /* MonitorListView.swift in Sources */ = {isa = PBXBuildFile; fileRef = B53DA5612A4E0D37006C7D53 /* MonitorListView.swift */; };
		B55DBC852A545E1B00009957 /* MonitorsApp.swift in Sources */ = {isa = PBXBuildFile; fileRef = B55DBC842A545E1B00009957 /* MonitorsApp.swift */; };
		B55DBC872A545E1B00009957 /* ContentView.swift in Sources */ = {isa = PBXBuildFile; fileRef = B55DBC862A545E1B00009957 /* ContentView.swift */; };
		B55DBC892A545E1C00009957 /* Assets.xcassets in Resources */ = {isa = PBXBuildFile; fileRef = B55DBC882A545E1C00009957 /* Assets.xcassets */; };
		B55DBC8C2A545E1C00009957 /* Preview Assets.xcassets in Resources */ = {isa = PBXBuildFile; fileRef = B55DBC8B2A545E1C00009957 /* Preview Assets.xcassets */; };
		B59747402A41DBF600A5DA4C /* MonitorsApp.swift in Sources */ = {isa = PBXBuildFile; fileRef = B597473F2A41DBF600A5DA4C /* MonitorsApp.swift */; };
		B59747422A41DBF600A5DA4C /* ContentView.swift in Sources */ = {isa = PBXBuildFile; fileRef = B59747412A41DBF600A5DA4C /* ContentView.swift */; };
		B59747442A41DBF700A5DA4C /* Assets.xcassets in Resources */ = {isa = PBXBuildFile; fileRef = B59747432A41DBF700A5DA4C /* Assets.xcassets */; };
		B59747472A41DBF700A5DA4C /* Preview Assets.xcassets in Resources */ = {isa = PBXBuildFile; fileRef = B59747462A41DBF700A5DA4C /* Preview Assets.xcassets */; };
		B59747542A41DC2800A5DA4C /* WidgetKit.framework in Frameworks */ = {isa = PBXBuildFile; fileRef = B59747532A41DC2800A5DA4C /* WidgetKit.framework */; };
		B59747562A41DC2800A5DA4C /* SwiftUI.framework in Frameworks */ = {isa = PBXBuildFile; fileRef = B59747552A41DC2800A5DA4C /* SwiftUI.framework */; };
		B59747592A41DC2800A5DA4C /* zgamemonitorsBundle.swift in Sources */ = {isa = PBXBuildFile; fileRef = B59747582A41DC2800A5DA4C /* zgamemonitorsBundle.swift */; };
		B597475B2A41DC2800A5DA4C /* zgamemonitorsLiveActivity.swift in Sources */ = {isa = PBXBuildFile; fileRef = B597475A2A41DC2800A5DA4C /* zgamemonitorsLiveActivity.swift */; };
		B597475D2A41DC2800A5DA4C /* zgamemonitors.swift in Sources */ = {isa = PBXBuildFile; fileRef = B597475C2A41DC2800A5DA4C /* zgamemonitors.swift */; };
		B59747602A41DC2C00A5DA4C /* Assets.xcassets in Resources */ = {isa = PBXBuildFile; fileRef = B597475F2A41DC2C00A5DA4C /* Assets.xcassets */; };
		B59747622A41DC2C00A5DA4C /* zgamemonitors.intentdefinition in Sources */ = {isa = PBXBuildFile; fileRef = B597475E2A41DC2800A5DA4C /* zgamemonitors.intentdefinition */; };
		B59747632A41DC2C00A5DA4C /* zgamemonitors.intentdefinition in Sources */ = {isa = PBXBuildFile; fileRef = B597475E2A41DC2800A5DA4C /* zgamemonitors.intentdefinition */; };
		B59747662A41DC2C00A5DA4C /* zgamemonitorsExtension.appex in Embed Foundation Extensions */ = {isa = PBXBuildFile; fileRef = B59747512A41DC2800A5DA4C /* zgamemonitorsExtension.appex */; settings = {ATTRIBUTES = (RemoveHeadersOnCopy, ); }; };
		B59D50252A43628500207428 /* Monitor.swift in Sources */ = {isa = PBXBuildFile; fileRef = B59D50242A43628500207428 /* Monitor.swift */; };
		B59D50262A43628500207428 /* Monitor.swift in Sources */ = {isa = PBXBuildFile; fileRef = B59D50242A43628500207428 /* Monitor.swift */; };
		B5E196F72A43F2E30089518A /* GuageView.swift in Sources */ = {isa = PBXBuildFile; fileRef = B5E196F62A43F2E30089518A /* GuageView.swift */; };
		B5E196F92A4484550089518A /* MonitorStatusEntry.swift in Sources */ = {isa = PBXBuildFile; fileRef = B5E196F82A4484550089518A /* MonitorStatusEntry.swift */; };
/* End PBXBuildFile section */

/* Begin PBXContainerItemProxy section */
		B59747642A41DC2C00A5DA4C /* PBXContainerItemProxy */ = {
			isa = PBXContainerItemProxy;
			containerPortal = B59747342A41DBF600A5DA4C /* Project object */;
			proxyType = 1;
			remoteGlobalIDString = B59747502A41DC2700A5DA4C;
			remoteInfo = zgamemonitorsExtension;
		};
/* End PBXContainerItemProxy section */

/* Begin PBXCopyFilesBuildPhase section */
		B597476A2A41DC2C00A5DA4C /* Embed Foundation Extensions */ = {
			isa = PBXCopyFilesBuildPhase;
			buildActionMask = 2147483647;
			dstPath = "";
			dstSubfolderSpec = 13;
			files = (
				B59747662A41DC2C00A5DA4C /* zgamemonitorsExtension.appex in Embed Foundation Extensions */,
			);
			name = "Embed Foundation Extensions";
			runOnlyForDeploymentPostprocessing = 0;
		};
/* End PBXCopyFilesBuildPhase section */

/* Begin PBXFileReference section */
		B512CBF42A4B6EEB003BBD17 /* AddMonitorView.swift */ = {isa = PBXFileReference; lastKnownFileType = sourcecode.swift; path = AddMonitorView.swift; sourceTree = "<group>"; };
		B512CBF62A4C75E2003BBD17 /* Info.plist */ = {isa = PBXFileReference; lastKnownFileType = text.plist; path = Info.plist; sourceTree = "<group>"; };
		B53DA55F2A4E0A5B006C7D53 /* MonitorDetailView.swift */ = {isa = PBXFileReference; lastKnownFileType = sourcecode.swift; path = MonitorDetailView.swift; sourceTree = "<group>"; };
		B53DA5612A4E0D37006C7D53 /* MonitorListView.swift */ = {isa = PBXFileReference; lastKnownFileType = sourcecode.swift; path = MonitorListView.swift; sourceTree = "<group>"; };
		B55DBC822A545E1B00009957 /* Monitors Watch App.app */ = {isa = PBXFileReference; explicitFileType = wrapper.application; includeInIndex = 0; path = "Monitors Watch App.app"; sourceTree = BUILT_PRODUCTS_DIR; };
		B55DBC842A545E1B00009957 /* MonitorsApp.swift */ = {isa = PBXFileReference; lastKnownFileType = sourcecode.swift; path = MonitorsApp.swift; sourceTree = "<group>"; };
		B55DBC862A545E1B00009957 /* ContentView.swift */ = {isa = PBXFileReference; lastKnownFileType = sourcecode.swift; path = ContentView.swift; sourceTree = "<group>"; };
		B55DBC882A545E1C00009957 /* Assets.xcassets */ = {isa = PBXFileReference; lastKnownFileType = folder.assetcatalog; path = Assets.xcassets; sourceTree = "<group>"; };
		B55DBC8B2A545E1C00009957 /* Preview Assets.xcassets */ = {isa = PBXFileReference; lastKnownFileType = folder.assetcatalog; path = "Preview Assets.xcassets"; sourceTree = "<group>"; };
		B597473C2A41DBF600A5DA4C /* Monitors.app */ = {isa = PBXFileReference; explicitFileType = wrapper.application; includeInIndex = 0; path = Monitors.app; sourceTree = BUILT_PRODUCTS_DIR; };
		B597473F2A41DBF600A5DA4C /* MonitorsApp.swift */ = {isa = PBXFileReference; lastKnownFileType = sourcecode.swift; path = MonitorsApp.swift; sourceTree = "<group>"; };
		B59747412A41DBF600A5DA4C /* ContentView.swift */ = {isa = PBXFileReference; lastKnownFileType = sourcecode.swift; path = ContentView.swift; sourceTree = "<group>"; };
		B59747432A41DBF700A5DA4C /* Assets.xcassets */ = {isa = PBXFileReference; lastKnownFileType = folder.assetcatalog; path = Assets.xcassets; sourceTree = "<group>"; };
		B59747462A41DBF700A5DA4C /* Preview Assets.xcassets */ = {isa = PBXFileReference; lastKnownFileType = folder.assetcatalog; path = "Preview Assets.xcassets"; sourceTree = "<group>"; };
		B59747512A41DC2800A5DA4C /* zgamemonitorsExtension.appex */ = {isa = PBXFileReference; explicitFileType = "wrapper.app-extension"; includeInIndex = 0; path = zgamemonitorsExtension.appex; sourceTree = BUILT_PRODUCTS_DIR; };
		B59747532A41DC2800A5DA4C /* WidgetKit.framework */ = {isa = PBXFileReference; lastKnownFileType = wrapper.framework; name = WidgetKit.framework; path = System/Library/Frameworks/WidgetKit.framework; sourceTree = SDKROOT; };
		B59747552A41DC2800A5DA4C /* SwiftUI.framework */ = {isa = PBXFileReference; lastKnownFileType = wrapper.framework; name = SwiftUI.framework; path = System/Library/Frameworks/SwiftUI.framework; sourceTree = SDKROOT; };
		B59747582A41DC2800A5DA4C /* zgamemonitorsBundle.swift */ = {isa = PBXFileReference; lastKnownFileType = sourcecode.swift; path = zgamemonitorsBundle.swift; sourceTree = "<group>"; };
		B597475A2A41DC2800A5DA4C /* zgamemonitorsLiveActivity.swift */ = {isa = PBXFileReference; lastKnownFileType = sourcecode.swift; path = zgamemonitorsLiveActivity.swift; sourceTree = "<group>"; };
		B597475C2A41DC2800A5DA4C /* zgamemonitors.swift */ = {isa = PBXFileReference; lastKnownFileType = sourcecode.swift; path = zgamemonitors.swift; sourceTree = "<group>"; };
		B597475E2A41DC2800A5DA4C /* zgamemonitors.intentdefinition */ = {isa = PBXFileReference; lastKnownFileType = file.intentdefinition; path = zgamemonitors.intentdefinition; sourceTree = "<group>"; };
		B597475F2A41DC2C00A5DA4C /* Assets.xcassets */ = {isa = PBXFileReference; lastKnownFileType = folder.assetcatalog; path = Assets.xcassets; sourceTree = "<group>"; };
		B59747612A41DC2C00A5DA4C /* Info.plist */ = {isa = PBXFileReference; lastKnownFileType = text.plist.xml; path = Info.plist; sourceTree = "<group>"; };
		B59D50242A43628500207428 /* Monitor.swift */ = {isa = PBXFileReference; lastKnownFileType = sourcecode.swift; path = Monitor.swift; sourceTree = "<group>"; };
		B5E196F62A43F2E30089518A /* GuageView.swift */ = {isa = PBXFileReference; lastKnownFileType = sourcecode.swift; path = GuageView.swift; sourceTree = "<group>"; };
		B5E196F82A4484550089518A /* MonitorStatusEntry.swift */ = {isa = PBXFileReference; lastKnownFileType = sourcecode.swift; path = MonitorStatusEntry.swift; sourceTree = "<group>"; };
/* End PBXFileReference section */

/* Begin PBXFrameworksBuildPhase section */
		B55DBC7F2A545E1B00009957 /* Frameworks */ = {
			isa = PBXFrameworksBuildPhase;
			buildActionMask = 2147483647;
			files = (
			);
			runOnlyForDeploymentPostprocessing = 0;
		};
		B59747392A41DBF600A5DA4C /* Frameworks */ = {
			isa = PBXFrameworksBuildPhase;
			buildActionMask = 2147483647;
			files = (
			);
			runOnlyForDeploymentPostprocessing = 0;
		};
		B597474E2A41DC2700A5DA4C /* Frameworks */ = {
			isa = PBXFrameworksBuildPhase;
			buildActionMask = 2147483647;
			files = (
				B59747562A41DC2800A5DA4C /* SwiftUI.framework in Frameworks */,
				B59747542A41DC2800A5DA4C /* WidgetKit.framework in Frameworks */,
			);
			runOnlyForDeploymentPostprocessing = 0;
		};
/* End PBXFrameworksBuildPhase section */

/* Begin PBXGroup section */
		B512CBF32A4B6EBC003BBD17 /* views */ = {
			isa = PBXGroup;
			children = (
				B512CBF42A4B6EEB003BBD17 /* AddMonitorView.swift */,
				B53DA55F2A4E0A5B006C7D53 /* MonitorDetailView.swift */,
				B53DA5612A4E0D37006C7D53 /* MonitorListView.swift */,
			);
			path = views;
			sourceTree = "<group>";
		};
		B55DBC832A545E1B00009957 /* Monitors Watch App */ = {
			isa = PBXGroup;
			children = (
				B55DBC842A545E1B00009957 /* MonitorsApp.swift */,
				B55DBC862A545E1B00009957 /* ContentView.swift */,
				B55DBC882A545E1C00009957 /* Assets.xcassets */,
				B55DBC8A2A545E1C00009957 /* Preview Content */,
			);
			path = "Monitors Watch App";
			sourceTree = "<group>";
		};
		B55DBC8A2A545E1C00009957 /* Preview Content */ = {
			isa = PBXGroup;
			children = (
				B55DBC8B2A545E1C00009957 /* Preview Assets.xcassets */,
			);
			path = "Preview Content";
			sourceTree = "<group>";
		};
		B59747332A41DBF600A5DA4C = {
			isa = PBXGroup;
			children = (
				B59D50272A4362C200207428 /* shared */,
				B597473E2A41DBF600A5DA4C /* Monitors */,
				B55DBC832A545E1B00009957 /* Monitors Watch App */,
				B59747572A41DC2800A5DA4C /* zgamemonitors */,
				B59747522A41DC2800A5DA4C /* Frameworks */,
				B597473D2A41DBF600A5DA4C /* Products */,
			);
			sourceTree = "<group>";
		};
		B597473D2A41DBF600A5DA4C /* Products */ = {
			isa = PBXGroup;
			children = (
				B597473C2A41DBF600A5DA4C /* Monitors.app */,
				B59747512A41DC2800A5DA4C /* zgamemonitorsExtension.appex */,
				B55DBC822A545E1B00009957 /* Monitors Watch App.app */,
			);
			name = Products;
			sourceTree = "<group>";
		};
		B597473E2A41DBF600A5DA4C /* Monitors */ = {
			isa = PBXGroup;
			children = (
				B512CBF62A4C75E2003BBD17 /* Info.plist */,
				B512CBF32A4B6EBC003BBD17 /* views */,
				B597473F2A41DBF600A5DA4C /* MonitorsApp.swift */,
				B59747412A41DBF600A5DA4C /* ContentView.swift */,
				B59747432A41DBF700A5DA4C /* Assets.xcassets */,
				B59747452A41DBF700A5DA4C /* Preview Content */,
			);
			path = Monitors;
			sourceTree = "<group>";
		};
		B59747452A41DBF700A5DA4C /* Preview Content */ = {
			isa = PBXGroup;
			children = (
				B59747462A41DBF700A5DA4C /* Preview Assets.xcassets */,
			);
			path = "Preview Content";
			sourceTree = "<group>";
		};
		B59747522A41DC2800A5DA4C /* Frameworks */ = {
			isa = PBXGroup;
			children = (
				B59747532A41DC2800A5DA4C /* WidgetKit.framework */,
				B59747552A41DC2800A5DA4C /* SwiftUI.framework */,
			);
			name = Frameworks;
			sourceTree = "<group>";
		};
		B59747572A41DC2800A5DA4C /* zgamemonitors */ = {
			isa = PBXGroup;
			children = (
				B5E196F32A43F27D0089518A /* data */,
				B5E196F02A43F1BE0089518A /* views */,
				B59747582A41DC2800A5DA4C /* zgamemonitorsBundle.swift */,
				B597475A2A41DC2800A5DA4C /* zgamemonitorsLiveActivity.swift */,
				B597475C2A41DC2800A5DA4C /* zgamemonitors.swift */,
				B597475E2A41DC2800A5DA4C /* zgamemonitors.intentdefinition */,
				B597475F2A41DC2C00A5DA4C /* Assets.xcassets */,
				B59747612A41DC2C00A5DA4C /* Info.plist */,
			);
			path = zgamemonitors;
			sourceTree = "<group>";
		};
		B59D50272A4362C200207428 /* shared */ = {
			isa = PBXGroup;
			children = (
				B59D50242A43628500207428 /* Monitor.swift */,
			);
			path = shared;
			sourceTree = "<group>";
		};
		B5E196F02A43F1BE0089518A /* views */ = {
			isa = PBXGroup;
			children = (
				B5E196F62A43F2E30089518A /* GuageView.swift */,
			);
			path = views;
			sourceTree = "<group>";
		};
		B5E196F32A43F27D0089518A /* data */ = {
			isa = PBXGroup;
			children = (
				B5E196F82A4484550089518A /* MonitorStatusEntry.swift */,
			);
			path = data;
			sourceTree = "<group>";
		};
/* End PBXGroup section */

/* Begin PBXNativeTarget section */
		B55DBC812A545E1B00009957 /* Monitors Watch App */ = {
			isa = PBXNativeTarget;
			buildConfigurationList = B55DBC8F2A545E1C00009957 /* Build configuration list for PBXNativeTarget "Monitors Watch App" */;
			buildPhases = (
				B55DBC7E2A545E1B00009957 /* Sources */,
				B55DBC7F2A545E1B00009957 /* Frameworks */,
				B55DBC802A545E1B00009957 /* Resources */,
			);
			buildRules = (
			);
			dependencies = (
			);
			name = "Monitors Watch App";
			productName = "Monitors Watch App";
			productReference = B55DBC822A545E1B00009957 /* Monitors Watch App.app */;
			productType = "com.apple.product-type.application";
		};
		B597473B2A41DBF600A5DA4C /* Monitors */ = {
			isa = PBXNativeTarget;
			buildConfigurationList = B597474A2A41DBF700A5DA4C /* Build configuration list for PBXNativeTarget "Monitors" */;
			buildPhases = (
				B59747382A41DBF600A5DA4C /* Sources */,
				B59747392A41DBF600A5DA4C /* Frameworks */,
				B597473A2A41DBF600A5DA4C /* Resources */,
				B597476A2A41DC2C00A5DA4C /* Embed Foundation Extensions */,
			);
			buildRules = (
			);
			dependencies = (
				B59747652A41DC2C00A5DA4C /* PBXTargetDependency */,
			);
			name = Monitors;
			productName = Monitors;
			productReference = B597473C2A41DBF600A5DA4C /* Monitors.app */;
			productType = "com.apple.product-type.application";
		};
		B59747502A41DC2700A5DA4C /* zgamemonitorsExtension */ = {
			isa = PBXNativeTarget;
			buildConfigurationList = B59747672A41DC2C00A5DA4C /* Build configuration list for PBXNativeTarget "zgamemonitorsExtension" */;
			buildPhases = (
				B597474D2A41DC2700A5DA4C /* Sources */,
				B597474E2A41DC2700A5DA4C /* Frameworks */,
				B597474F2A41DC2700A5DA4C /* Resources */,
			);
			buildRules = (
			);
			dependencies = (
			);
			name = zgamemonitorsExtension;
			productName = zgamemonitorsExtension;
			productReference = B59747512A41DC2800A5DA4C /* zgamemonitorsExtension.appex */;
			productType = "com.apple.product-type.app-extension";
		};
/* End PBXNativeTarget section */

/* Begin PBXProject section */
		B59747342A41DBF600A5DA4C /* Project object */ = {
			isa = PBXProject;
			attributes = {
				BuildIndependentTargetsInParallel = 1;
				LastSwiftUpdateCheck = 1430;
				LastUpgradeCheck = 1430;
				TargetAttributes = {
					B55DBC812A545E1B00009957 = {
						CreatedOnToolsVersion = 14.3.1;
					};
					B597473B2A41DBF600A5DA4C = {
						CreatedOnToolsVersion = 14.3.1;
					};
					B59747502A41DC2700A5DA4C = {
						CreatedOnToolsVersion = 14.3.1;
					};
				};
			};
			buildConfigurationList = B59747372A41DBF600A5DA4C /* Build configuration list for PBXProject "Monitors" */;
			compatibilityVersion = "Xcode 14.0";
			developmentRegion = en;
			hasScannedForEncodings = 0;
			knownRegions = (
				en,
				Base,
			);
			mainGroup = B59747332A41DBF600A5DA4C;
			productRefGroup = B597473D2A41DBF600A5DA4C /* Products */;
			projectDirPath = "";
			projectRoot = "";
			targets = (
				B597473B2A41DBF600A5DA4C /* Monitors */,
				B59747502A41DC2700A5DA4C /* zgamemonitorsExtension */,
				B55DBC812A545E1B00009957 /* Monitors Watch App */,
			);
		};
/* End PBXProject section */

/* Begin PBXResourcesBuildPhase section */
		B55DBC802A545E1B00009957 /* Resources */ = {
			isa = PBXResourcesBuildPhase;
			buildActionMask = 2147483647;
			files = (
				B55DBC8C2A545E1C00009957 /* Preview Assets.xcassets in Resources */,
				B55DBC892A545E1C00009957 /* Assets.xcassets in Resources */,
			);
			runOnlyForDeploymentPostprocessing = 0;
		};
		B597473A2A41DBF600A5DA4C /* Resources */ = {
			isa = PBXResourcesBuildPhase;
			buildActionMask = 2147483647;
			files = (
				B59747472A41DBF700A5DA4C /* Preview Assets.xcassets in Resources */,
				B59747442A41DBF700A5DA4C /* Assets.xcassets in Resources */,
			);
			runOnlyForDeploymentPostprocessing = 0;
		};
		B597474F2A41DC2700A5DA4C /* Resources */ = {
			isa = PBXResourcesBuildPhase;
			buildActionMask = 2147483647;
			files = (
				B59747602A41DC2C00A5DA4C /* Assets.xcassets in Resources */,
			);
			runOnlyForDeploymentPostprocessing = 0;
		};
/* End PBXResourcesBuildPhase section */

/* Begin PBXSourcesBuildPhase section */
		B55DBC7E2A545E1B00009957 /* Sources */ = {
			isa = PBXSourcesBuildPhase;
			buildActionMask = 2147483647;
			files = (
				B55DBC872A545E1B00009957 /* ContentView.swift in Sources */,
				B55DBC852A545E1B00009957 /* MonitorsApp.swift in Sources */,
			);
			runOnlyForDeploymentPostprocessing = 0;
		};
		B59747382A41DBF600A5DA4C /* Sources */ = {
			isa = PBXSourcesBuildPhase;
			buildActionMask = 2147483647;
			files = (
				B53DA5602A4E0A5B006C7D53 /* MonitorDetailView.swift in Sources */,
				B59D50252A43628500207428 /* Monitor.swift in Sources */,
				B59747422A41DBF600A5DA4C /* ContentView.swift in Sources */,
				B512CBF52A4B6EEB003BBD17 /* AddMonitorView.swift in Sources */,
				B53DA5622A4E0D37006C7D53 /* MonitorListView.swift in Sources */,
				B59747402A41DBF600A5DA4C /* MonitorsApp.swift in Sources */,
				B59747632A41DC2C00A5DA4C /* zgamemonitors.intentdefinition in Sources */,
			);
			runOnlyForDeploymentPostprocessing = 0;
		};
		B597474D2A41DC2700A5DA4C /* Sources */ = {
			isa = PBXSourcesBuildPhase;
			buildActionMask = 2147483647;
			files = (
				B597475B2A41DC2800A5DA4C /* zgamemonitorsLiveActivity.swift in Sources */,
				B5E196F92A4484550089518A /* MonitorStatusEntry.swift in Sources */,
				B59D50262A43628500207428 /* Monitor.swift in Sources */,
				B597475D2A41DC2800A5DA4C /* zgamemonitors.swift in Sources */,
				B59747622A41DC2C00A5DA4C /* zgamemonitors.intentdefinition in Sources */,
				B5E196F72A43F2E30089518A /* GuageView.swift in Sources */,
				B59747592A41DC2800A5DA4C /* zgamemonitorsBundle.swift in Sources */,
			);
			runOnlyForDeploymentPostprocessing = 0;
		};
/* End PBXSourcesBuildPhase section */

/* Begin PBXTargetDependency section */
		B59747652A41DC2C00A5DA4C /* PBXTargetDependency */ = {
			isa = PBXTargetDependency;
			target = B59747502A41DC2700A5DA4C /* zgamemonitorsExtension */;
			targetProxy = B59747642A41DC2C00A5DA4C /* PBXContainerItemProxy */;
		};
/* End PBXTargetDependency section */

/* Begin XCBuildConfiguration section */
		B55DBC8D2A545E1C00009957 /* Debug */ = {
			isa = XCBuildConfiguration;
			buildSettings = {
				ASSETCATALOG_COMPILER_APPICON_NAME = AppIcon;
				ASSETCATALOG_COMPILER_GLOBAL_ACCENT_COLOR_NAME = AccentColor;
				CODE_SIGN_STYLE = Automatic;
				CURRENT_PROJECT_VERSION = 1;
				DEVELOPMENT_ASSET_PATHS = "\"Monitors Watch App/Preview Content\"";
				DEVELOPMENT_TEAM = 6M38R97L4D;
				ENABLE_PREVIEWS = YES;
				GENERATE_INFOPLIST_FILE = YES;
				INFOPLIST_KEY_CFBundleDisplayName = Monitors;
				INFOPLIST_KEY_UISupportedInterfaceOrientations = "UIInterfaceOrientationPortrait UIInterfaceOrientationPortraitUpsideDown";
				INFOPLIST_KEY_WKCompanionAppBundleIdentifier = "";
				LD_RUNPATH_SEARCH_PATHS = (
					"$(inherited)",
					"@executable_path/Frameworks",
				);
				MARKETING_VERSION = 1.0;
				PRODUCT_BUNDLE_IDENTIFIER = .watchkitapp;
				PRODUCT_NAME = "$(TARGET_NAME)";
				SDKROOT = watchos;
				SKIP_INSTALL = YES;
				SWIFT_EMIT_LOC_STRINGS = YES;
				SWIFT_VERSION = 5.0;
				TARGETED_DEVICE_FAMILY = 4;
				WATCHOS_DEPLOYMENT_TARGET = 9.4;
			};
			name = Debug;
		};
		B55DBC8E2A545E1C00009957 /* Release */ = {
			isa = XCBuildConfiguration;
			buildSettings = {
				ASSETCATALOG_COMPILER_APPICON_NAME = AppIcon;
				ASSETCATALOG_COMPILER_GLOBAL_ACCENT_COLOR_NAME = AccentColor;
				CODE_SIGN_STYLE = Automatic;
				CURRENT_PROJECT_VERSION = 1;
				DEVELOPMENT_ASSET_PATHS = "\"Monitors Watch App/Preview Content\"";
				DEVELOPMENT_TEAM = 6M38R97L4D;
				ENABLE_PREVIEWS = YES;
				GENERATE_INFOPLIST_FILE = YES;
				INFOPLIST_KEY_CFBundleDisplayName = Monitors;
				INFOPLIST_KEY_UISupportedInterfaceOrientations = "UIInterfaceOrientationPortrait UIInterfaceOrientationPortraitUpsideDown";
				INFOPLIST_KEY_WKCompanionAppBundleIdentifier = "";
				LD_RUNPATH_SEARCH_PATHS = (
					"$(inherited)",
					"@executable_path/Frameworks",
				);
				MARKETING_VERSION = 1.0;
				PRODUCT_BUNDLE_IDENTIFIER = .watchkitapp;
				PRODUCT_NAME = "$(TARGET_NAME)";
				SDKROOT = watchos;
				SKIP_INSTALL = YES;
				SWIFT_EMIT_LOC_STRINGS = YES;
				SWIFT_VERSION = 5.0;
				TARGETED_DEVICE_FAMILY = 4;
				WATCHOS_DEPLOYMENT_TARGET = 9.4;
			};
			name = Release;
		};
		B59747482A41DBF700A5DA4C /* Debug */ = {
			isa = XCBuildConfiguration;
			buildSettings = {
				ALWAYS_SEARCH_USER_PATHS = NO;
				CLANG_ANALYZER_NONNULL = YES;
				CLANG_ANALYZER_NUMBER_OBJECT_CONVERSION = YES_AGGRESSIVE;
				CLANG_CXX_LANGUAGE_STANDARD = "gnu++20";
				CLANG_ENABLE_MODULES = YES;
				CLANG_ENABLE_OBJC_ARC = YES;
				CLANG_ENABLE_OBJC_WEAK = YES;
				CLANG_WARN_BLOCK_CAPTURE_AUTORELEASING = YES;
				CLANG_WARN_BOOL_CONVERSION = YES;
				CLANG_WARN_COMMA = YES;
				CLANG_WARN_CONSTANT_CONVERSION = YES;
				CLANG_WARN_DEPRECATED_OBJC_IMPLEMENTATIONS = YES;
				CLANG_WARN_DIRECT_OBJC_ISA_USAGE = YES_ERROR;
				CLANG_WARN_DOCUMENTATION_COMMENTS = YES;
				CLANG_WARN_EMPTY_BODY = YES;
				CLANG_WARN_ENUM_CONVERSION = YES;
				CLANG_WARN_INFINITE_RECURSION = YES;
				CLANG_WARN_INT_CONVERSION = YES;
				CLANG_WARN_NON_LITERAL_NULL_CONVERSION = YES;
				CLANG_WARN_OBJC_IMPLICIT_RETAIN_SELF = YES;
				CLANG_WARN_OBJC_LITERAL_CONVERSION = YES;
				CLANG_WARN_OBJC_ROOT_CLASS = YES_ERROR;
				CLANG_WARN_QUOTED_INCLUDE_IN_FRAMEWORK_HEADER = YES;
				CLANG_WARN_RANGE_LOOP_ANALYSIS = YES;
				CLANG_WARN_STRICT_PROTOTYPES = YES;
				CLANG_WARN_SUSPICIOUS_MOVE = YES;
				CLANG_WARN_UNGUARDED_AVAILABILITY = YES_AGGRESSIVE;
				CLANG_WARN_UNREACHABLE_CODE = YES;
				CLANG_WARN__DUPLICATE_METHOD_MATCH = YES;
				COPY_PHASE_STRIP = NO;
				DEBUG_INFORMATION_FORMAT = dwarf;
				ENABLE_STRICT_OBJC_MSGSEND = YES;
				ENABLE_TESTABILITY = YES;
				GCC_C_LANGUAGE_STANDARD = gnu11;
				GCC_DYNAMIC_NO_PIC = NO;
				GCC_NO_COMMON_BLOCKS = YES;
				GCC_OPTIMIZATION_LEVEL = 0;
				GCC_PREPROCESSOR_DEFINITIONS = (
					"DEBUG=1",
					"$(inherited)",
				);
				GCC_WARN_64_TO_32_BIT_CONVERSION = YES;
				GCC_WARN_ABOUT_RETURN_TYPE = YES_ERROR;
				GCC_WARN_UNDECLARED_SELECTOR = YES;
				GCC_WARN_UNINITIALIZED_AUTOS = YES_AGGRESSIVE;
				GCC_WARN_UNUSED_FUNCTION = YES;
				GCC_WARN_UNUSED_VARIABLE = YES;
				IPHONEOS_DEPLOYMENT_TARGET = 16.4;
				MTL_ENABLE_DEBUG_INFO = INCLUDE_SOURCE;
				MTL_FAST_MATH = YES;
				ONLY_ACTIVE_ARCH = YES;
				SDKROOT = iphoneos;
				SWIFT_ACTIVE_COMPILATION_CONDITIONS = DEBUG;
				SWIFT_OPTIMIZATION_LEVEL = "-Onone";
			};
			name = Debug;
		};
		B59747492A41DBF700A5DA4C /* Release */ = {
			isa = XCBuildConfiguration;
			buildSettings = {
				ALWAYS_SEARCH_USER_PATHS = NO;
				CLANG_ANALYZER_NONNULL = YES;
				CLANG_ANALYZER_NUMBER_OBJECT_CONVERSION = YES_AGGRESSIVE;
				CLANG_CXX_LANGUAGE_STANDARD = "gnu++20";
				CLANG_ENABLE_MODULES = YES;
				CLANG_ENABLE_OBJC_ARC = YES;
				CLANG_ENABLE_OBJC_WEAK = YES;
				CLANG_WARN_BLOCK_CAPTURE_AUTORELEASING = YES;
				CLANG_WARN_BOOL_CONVERSION = YES;
				CLANG_WARN_COMMA = YES;
				CLANG_WARN_CONSTANT_CONVERSION = YES;
				CLANG_WARN_DEPRECATED_OBJC_IMPLEMENTATIONS = YES;
				CLANG_WARN_DIRECT_OBJC_ISA_USAGE = YES_ERROR;
				CLANG_WARN_DOCUMENTATION_COMMENTS = YES;
				CLANG_WARN_EMPTY_BODY = YES;
				CLANG_WARN_ENUM_CONVERSION = YES;
				CLANG_WARN_INFINITE_RECURSION = YES;
				CLANG_WARN_INT_CONVERSION = YES;
				CLANG_WARN_NON_LITERAL_NULL_CONVERSION = YES;
				CLANG_WARN_OBJC_IMPLICIT_RETAIN_SELF = YES;
				CLANG_WARN_OBJC_LITERAL_CONVERSION = YES;
				CLANG_WARN_OBJC_ROOT_CLASS = YES_ERROR;
				CLANG_WARN_QUOTED_INCLUDE_IN_FRAMEWORK_HEADER = YES;
				CLANG_WARN_RANGE_LOOP_ANALYSIS = YES;
				CLANG_WARN_STRICT_PROTOTYPES = YES;
				CLANG_WARN_SUSPICIOUS_MOVE = YES;
				CLANG_WARN_UNGUARDED_AVAILABILITY = YES_AGGRESSIVE;
				CLANG_WARN_UNREACHABLE_CODE = YES;
				CLANG_WARN__DUPLICATE_METHOD_MATCH = YES;
				COPY_PHASE_STRIP = NO;
				DEBUG_INFORMATION_FORMAT = "dwarf-with-dsym";
				ENABLE_NS_ASSERTIONS = NO;
				ENABLE_STRICT_OBJC_MSGSEND = YES;
				GCC_C_LANGUAGE_STANDARD = gnu11;
				GCC_NO_COMMON_BLOCKS = YES;
				GCC_WARN_64_TO_32_BIT_CONVERSION = YES;
				GCC_WARN_ABOUT_RETURN_TYPE = YES_ERROR;
				GCC_WARN_UNDECLARED_SELECTOR = YES;
				GCC_WARN_UNINITIALIZED_AUTOS = YES_AGGRESSIVE;
				GCC_WARN_UNUSED_FUNCTION = YES;
				GCC_WARN_UNUSED_VARIABLE = YES;
				IPHONEOS_DEPLOYMENT_TARGET = 16.4;
				MTL_ENABLE_DEBUG_INFO = NO;
				MTL_FAST_MATH = YES;
				SDKROOT = iphoneos;
				SWIFT_COMPILATION_MODE = wholemodule;
				SWIFT_OPTIMIZATION_LEVEL = "-O";
				VALIDATE_PRODUCT = YES;
			};
			name = Release;
		};
		B597474B2A41DBF700A5DA4C /* Debug */ = {
			isa = XCBuildConfiguration;
			buildSettings = {
				ALWAYS_EMBED_SWIFT_STANDARD_LIBRARIES = YES;
				ASSETCATALOG_COMPILER_APPICON_NAME = AppIcon;
				ASSETCATALOG_COMPILER_GLOBAL_ACCENT_COLOR_NAME = AccentColor;
				CODE_SIGN_STYLE = Automatic;
				CURRENT_PROJECT_VERSION = 1;
				DEVELOPMENT_ASSET_PATHS = "\"Monitors/Preview Content\"";
				DEVELOPMENT_TEAM = 6M38R97L4D;
				ENABLE_PREVIEWS = YES;
				GENERATE_INFOPLIST_FILE = YES;
				INFOPLIST_FILE = Monitors/Info.plist;
				INFOPLIST_KEY_CFBundleDisplayName = "Data Otter";
				INFOPLIST_KEY_UIApplicationSceneManifest_Generation = YES;
				INFOPLIST_KEY_UIApplicationSupportsIndirectInputEvents = YES;
				INFOPLIST_KEY_UILaunchScreen_Generation = YES;
				INFOPLIST_KEY_UISupportedInterfaceOrientations_iPad = "UIInterfaceOrientationPortrait UIInterfaceOrientationPortraitUpsideDown UIInterfaceOrientationLandscapeLeft UIInterfaceOrientationLandscapeRight";
				INFOPLIST_KEY_UISupportedInterfaceOrientations_iPhone = "UIInterfaceOrientationPortrait UIInterfaceOrientationLandscapeLeft UIInterfaceOrientationLandscapeRight";
				LD_RUNPATH_SEARCH_PATHS = (
					"$(inherited)",
					"@executable_path/Frameworks",
				);
				MARKETING_VERSION = 1.0;
				PRODUCT_BUNDLE_IDENTIFIER = zgamelogic.Monitors;
				PRODUCT_NAME = "$(TARGET_NAME)";
				SWIFT_EMIT_LOC_STRINGS = YES;
				SWIFT_VERSION = 5.0;
				TARGETED_DEVICE_FAMILY = "1,2";
			};
			name = Debug;
		};
		B597474C2A41DBF700A5DA4C /* Release */ = {
			isa = XCBuildConfiguration;
			buildSettings = {
				ALWAYS_EMBED_SWIFT_STANDARD_LIBRARIES = YES;
				ASSETCATALOG_COMPILER_APPICON_NAME = AppIcon;
				ASSETCATALOG_COMPILER_GLOBAL_ACCENT_COLOR_NAME = AccentColor;
				CODE_SIGN_STYLE = Automatic;
				CURRENT_PROJECT_VERSION = 1;
				DEVELOPMENT_ASSET_PATHS = "\"Monitors/Preview Content\"";
				DEVELOPMENT_TEAM = 6M38R97L4D;
				ENABLE_PREVIEWS = YES;
				GENERATE_INFOPLIST_FILE = YES;
				INFOPLIST_FILE = Monitors/Info.plist;
				INFOPLIST_KEY_CFBundleDisplayName = "Data Otter";
				INFOPLIST_KEY_UIApplicationSceneManifest_Generation = YES;
				INFOPLIST_KEY_UIApplicationSupportsIndirectInputEvents = YES;
				INFOPLIST_KEY_UILaunchScreen_Generation = YES;
				INFOPLIST_KEY_UISupportedInterfaceOrientations_iPad = "UIInterfaceOrientationPortrait UIInterfaceOrientationPortraitUpsideDown UIInterfaceOrientationLandscapeLeft UIInterfaceOrientationLandscapeRight";
				INFOPLIST_KEY_UISupportedInterfaceOrientations_iPhone = "UIInterfaceOrientationPortrait UIInterfaceOrientationLandscapeLeft UIInterfaceOrientationLandscapeRight";
				LD_RUNPATH_SEARCH_PATHS = (
					"$(inherited)",
					"@executable_path/Frameworks",
				);
				MARKETING_VERSION = 1.0;
				PRODUCT_BUNDLE_IDENTIFIER = zgamelogic.Monitors;
				PRODUCT_NAME = "$(TARGET_NAME)";
				SWIFT_EMIT_LOC_STRINGS = YES;
				SWIFT_VERSION = 5.0;
				TARGETED_DEVICE_FAMILY = "1,2";
			};
			name = Release;
		};
		B59747682A41DC2C00A5DA4C /* Debug */ = {
			isa = XCBuildConfiguration;
			buildSettings = {
				ASSETCATALOG_COMPILER_GLOBAL_ACCENT_COLOR_NAME = AccentColor;
				ASSETCATALOG_COMPILER_WIDGET_BACKGROUND_COLOR_NAME = WidgetBackground;
				CODE_SIGN_STYLE = Automatic;
				CURRENT_PROJECT_VERSION = 1;
				DEVELOPMENT_TEAM = 6M38R97L4D;
				GENERATE_INFOPLIST_FILE = YES;
				INFOPLIST_FILE = zgamemonitors/Info.plist;
				INFOPLIST_KEY_CFBundleDisplayName = zgamemonitors;
				INFOPLIST_KEY_NSHumanReadableCopyright = "";
				LD_RUNPATH_SEARCH_PATHS = (
					"$(inherited)",
					"@executable_path/Frameworks",
					"@executable_path/../../Frameworks",
				);
				MARKETING_VERSION = 1.0;
				PRODUCT_BUNDLE_IDENTIFIER = zgamelogic.Monitors.zgamemonitors;
				PRODUCT_NAME = "$(TARGET_NAME)";
				SKIP_INSTALL = YES;
				SWIFT_EMIT_LOC_STRINGS = YES;
				SWIFT_VERSION = 5.0;
				TARGETED_DEVICE_FAMILY = "1,2";
			};
			name = Debug;
		};
		B59747692A41DC2C00A5DA4C /* Release */ = {
			isa = XCBuildConfiguration;
			buildSettings = {
				ASSETCATALOG_COMPILER_GLOBAL_ACCENT_COLOR_NAME = AccentColor;
				ASSETCATALOG_COMPILER_WIDGET_BACKGROUND_COLOR_NAME = WidgetBackground;
				CODE_SIGN_STYLE = Automatic;
				CURRENT_PROJECT_VERSION = 1;
				DEVELOPMENT_TEAM = 6M38R97L4D;
				GENERATE_INFOPLIST_FILE = YES;
				INFOPLIST_FILE = zgamemonitors/Info.plist;
				INFOPLIST_KEY_CFBundleDisplayName = zgamemonitors;
				INFOPLIST_KEY_NSHumanReadableCopyright = "";
				LD_RUNPATH_SEARCH_PATHS = (
					"$(inherited)",
					"@executable_path/Frameworks",
					"@executable_path/../../Frameworks",
				);
				MARKETING_VERSION = 1.0;
				PRODUCT_BUNDLE_IDENTIFIER = zgamelogic.Monitors.zgamemonitors;
				PRODUCT_NAME = "$(TARGET_NAME)";
				SKIP_INSTALL = YES;
				SWIFT_EMIT_LOC_STRINGS = YES;
				SWIFT_VERSION = 5.0;
				TARGETED_DEVICE_FAMILY = "1,2";
			};
			name = Release;
		};
/* End XCBuildConfiguration section */

/* Begin XCConfigurationList section */
		B55DBC8F2A545E1C00009957 /* Build configuration list for PBXNativeTarget "Monitors Watch App" */ = {
			isa = XCConfigurationList;
			buildConfigurations = (
				B55DBC8D2A545E1C00009957 /* Debug */,
				B55DBC8E2A545E1C00009957 /* Release */,
			);
			defaultConfigurationIsVisible = 0;
			defaultConfigurationName = Release;
		};
		B59747372A41DBF600A5DA4C /* Build configuration list for PBXProject "Monitors" */ = {
			isa = XCConfigurationList;
			buildConfigurations = (
				B59747482A41DBF700A5DA4C /* Debug */,
				B59747492A41DBF700A5DA4C /* Release */,
			);
			defaultConfigurationIsVisible = 0;
			defaultConfigurationName = Release;
		};
		B597474A2A41DBF700A5DA4C /* Build configuration list for PBXNativeTarget "Monitors" */ = {
			isa = XCConfigurationList;
			buildConfigurations = (
				B597474B2A41DBF700A5DA4C /* Debug */,
				B597474C2A41DBF700A5DA4C /* Release */,
			);
			defaultConfigurationIsVisible = 0;
			defaultConfigurationName = Release;
		};
		B59747672A41DC2C00A5DA4C /* Build configuration list for PBXNativeTarget "zgamemonitorsExtension" */ = {
			isa = XCConfigurationList;
			buildConfigurations = (
				B59747682A41DC2C00A5DA4C /* Debug */,
				B59747692A41DC2C00A5DA4C /* Release */,
			);
			defaultConfigurationIsVisible = 0;
			defaultConfigurationName = Release;
		};
/* End XCConfigurationList section */
	};
	rootObject = B59747342A41DBF600A5DA4C /* Project object */;
}
