// !$*UTF8*$!
{
	archiveVersion = 1;
	classes = {
	};
	objectVersion = 56;
	objects = {

/* Begin PBXBuildFile section */
		B586C9D02BF25577009A564A /* Data_OtterApp.swift in Sources */ = {isa = PBXBuildFile; fileRef = B586C9CF2BF25577009A564A /* Data_OtterApp.swift */; };
		B586C9D22BF25577009A564A /* ContentView.swift in Sources */ = {isa = PBXBuildFile; fileRef = B586C9D12BF25577009A564A /* ContentView.swift */; };
		B586C9D42BF25579009A564A /* Assets.xcassets in Resources */ = {isa = PBXBuildFile; fileRef = B586C9D32BF25579009A564A /* Assets.xcassets */; };
		B586C9D72BF25579009A564A /* Preview Assets.xcassets in Resources */ = {isa = PBXBuildFile; fileRef = B586C9D62BF25579009A564A /* Preview Assets.xcassets */; };
		B586C9DD2BF25685009A564A /* GeneralView.swift in Sources */ = {isa = PBXBuildFile; fileRef = B586C9DC2BF25685009A564A /* GeneralView.swift */; };
		B586C9DE2BF2569A009A564A /* MonitorStatus.swift in Sources */ = {isa = PBXBuildFile; fileRef = B586C9BF2BF18230009A564A /* MonitorStatus.swift */; };
		B586C9DF2BF2569D009A564A /* MonitorsService.swift in Sources */ = {isa = PBXBuildFile; fileRef = B586C9C42BF1948A009A564A /* MonitorsService.swift */; };
		B586C9E12BF256EF009A564A /* EventsListView.swift in Sources */ = {isa = PBXBuildFile; fileRef = B586C9E02BF256EF009A564A /* EventsListView.swift */; };
		B586C9E32BF25ABE009A564A /* MonitorListView.swift in Sources */ = {isa = PBXBuildFile; fileRef = B586C9E22BF25ABE009A564A /* MonitorListView.swift */; };
		B586C9E52BF25C2C009A564A /* MonitorDetailView.swift in Sources */ = {isa = PBXBuildFile; fileRef = B586C9E42BF25C2C009A564A /* MonitorDetailView.swift */; };
		B586C9E72BF2AF92009A564A /* MonitorData.swift in Sources */ = {isa = PBXBuildFile; fileRef = B586C9E62BF2AF92009A564A /* MonitorData.swift */; };
		B586C9E92BF2B3D3009A564A /* MonitorCreationResult.swift in Sources */ = {isa = PBXBuildFile; fileRef = B586C9E82BF2B3D3009A564A /* MonitorCreationResult.swift */; };
		B586C9EC2BF3A6EB009A564A /* HistoryGraphView.swift in Sources */ = {isa = PBXBuildFile; fileRef = B586C9EB2BF3A6EB009A564A /* HistoryGraphView.swift */; };
		B586C9EE2BF3BB04009A564A /* AddMonitorView.swift in Sources */ = {isa = PBXBuildFile; fileRef = B586C9ED2BF3BB04009A564A /* AddMonitorView.swift */; };
		B586C9F42BF3DB8B009A564A /* WidgetKit.framework in Frameworks */ = {isa = PBXBuildFile; fileRef = B59747532A41DC2800A5DA4C /* WidgetKit.framework */; };
		B586C9F52BF3DB8B009A564A /* SwiftUI.framework in Frameworks */ = {isa = PBXBuildFile; fileRef = B59747552A41DC2800A5DA4C /* SwiftUI.framework */; };
		B586C9F82BF3DB8B009A564A /* Data_Otter_iOS_WidgetBundle.swift in Sources */ = {isa = PBXBuildFile; fileRef = B586C9F72BF3DB8B009A564A /* Data_Otter_iOS_WidgetBundle.swift */; };
		B586C9FA2BF3DB8B009A564A /* Data_Otter_iOS_Widget.swift in Sources */ = {isa = PBXBuildFile; fileRef = B586C9F92BF3DB8B009A564A /* Data_Otter_iOS_Widget.swift */; };
		B586C9FC2BF3DB8B009A564A /* AppIntent.swift in Sources */ = {isa = PBXBuildFile; fileRef = B586C9FB2BF3DB8B009A564A /* AppIntent.swift */; };
		B586C9FE2BF3DB8E009A564A /* Assets.xcassets in Resources */ = {isa = PBXBuildFile; fileRef = B586C9FD2BF3DB8E009A564A /* Assets.xcassets */; };
		B586CA022BF3DB8F009A564A /* Data Otter iOS WidgetExtension.appex in Embed Foundation Extensions */ = {isa = PBXBuildFile; fileRef = B586C9F32BF3DB8B009A564A /* Data Otter iOS WidgetExtension.appex */; settings = {ATTRIBUTES = (RemoveHeadersOnCopy, ); }; };
		B586CA072BF3DBA2009A564A /* MonitorsService.swift in Sources */ = {isa = PBXBuildFile; fileRef = B586C9C42BF1948A009A564A /* MonitorsService.swift */; };
		B586CA082BF3DBAB009A564A /* MonitorStatus.swift in Sources */ = {isa = PBXBuildFile; fileRef = B586C9BF2BF18230009A564A /* MonitorStatus.swift */; };
		B586CA092BF3DBB0009A564A /* HistoryGraphView.swift in Sources */ = {isa = PBXBuildFile; fileRef = B586C9EB2BF3A6EB009A564A /* HistoryGraphView.swift */; };
/* End PBXBuildFile section */

/* Begin PBXContainerItemProxy section */
		B586CA002BF3DB8F009A564A /* PBXContainerItemProxy */ = {
			isa = PBXContainerItemProxy;
			containerPortal = B59747342A41DBF600A5DA4C /* Project object */;
			proxyType = 1;
			remoteGlobalIDString = B586C9F22BF3DB8B009A564A;
			remoteInfo = "Data Otter iOS WidgetExtension";
		};
/* End PBXContainerItemProxy section */

/* Begin PBXCopyFilesBuildPhase section */
		B586CA062BF3DB8F009A564A /* Embed Foundation Extensions */ = {
			isa = PBXCopyFilesBuildPhase;
			buildActionMask = 2147483647;
			dstPath = "";
			dstSubfolderSpec = 13;
			files = (
				B586CA022BF3DB8F009A564A /* Data Otter iOS WidgetExtension.appex in Embed Foundation Extensions */,
			);
			name = "Embed Foundation Extensions";
			runOnlyForDeploymentPostprocessing = 0;
		};
/* End PBXCopyFilesBuildPhase section */

/* Begin PBXFileReference section */
		B586C9BF2BF18230009A564A /* MonitorStatus.swift */ = {isa = PBXFileReference; lastKnownFileType = sourcecode.swift; path = MonitorStatus.swift; sourceTree = "<group>"; };
		B586C9C42BF1948A009A564A /* MonitorsService.swift */ = {isa = PBXFileReference; lastKnownFileType = sourcecode.swift; name = MonitorsService.swift; path = services/MonitorsService.swift; sourceTree = "<group>"; };
		B586C9CD2BF25577009A564A /* Data Otter.app */ = {isa = PBXFileReference; explicitFileType = wrapper.application; includeInIndex = 0; path = "Data Otter.app"; sourceTree = BUILT_PRODUCTS_DIR; };
		B586C9CF2BF25577009A564A /* Data_OtterApp.swift */ = {isa = PBXFileReference; lastKnownFileType = sourcecode.swift; path = Data_OtterApp.swift; sourceTree = "<group>"; };
		B586C9D12BF25577009A564A /* ContentView.swift */ = {isa = PBXFileReference; lastKnownFileType = sourcecode.swift; path = ContentView.swift; sourceTree = "<group>"; };
		B586C9D32BF25579009A564A /* Assets.xcassets */ = {isa = PBXFileReference; lastKnownFileType = folder.assetcatalog; path = Assets.xcassets; sourceTree = "<group>"; };
		B586C9D62BF25579009A564A /* Preview Assets.xcassets */ = {isa = PBXFileReference; lastKnownFileType = folder.assetcatalog; path = "Preview Assets.xcassets"; sourceTree = "<group>"; };
		B586C9DC2BF25685009A564A /* GeneralView.swift */ = {isa = PBXFileReference; lastKnownFileType = sourcecode.swift; path = GeneralView.swift; sourceTree = "<group>"; };
		B586C9E02BF256EF009A564A /* EventsListView.swift */ = {isa = PBXFileReference; lastKnownFileType = sourcecode.swift; path = EventsListView.swift; sourceTree = "<group>"; };
		B586C9E22BF25ABE009A564A /* MonitorListView.swift */ = {isa = PBXFileReference; lastKnownFileType = sourcecode.swift; path = MonitorListView.swift; sourceTree = "<group>"; };
		B586C9E42BF25C2C009A564A /* MonitorDetailView.swift */ = {isa = PBXFileReference; lastKnownFileType = sourcecode.swift; path = MonitorDetailView.swift; sourceTree = "<group>"; };
		B586C9E62BF2AF92009A564A /* MonitorData.swift */ = {isa = PBXFileReference; lastKnownFileType = sourcecode.swift; path = MonitorData.swift; sourceTree = "<group>"; };
		B586C9E82BF2B3D3009A564A /* MonitorCreationResult.swift */ = {isa = PBXFileReference; lastKnownFileType = sourcecode.swift; path = MonitorCreationResult.swift; sourceTree = "<group>"; };
		B586C9EB2BF3A6EB009A564A /* HistoryGraphView.swift */ = {isa = PBXFileReference; lastKnownFileType = sourcecode.swift; path = HistoryGraphView.swift; sourceTree = "<group>"; };
		B586C9ED2BF3BB04009A564A /* AddMonitorView.swift */ = {isa = PBXFileReference; lastKnownFileType = sourcecode.swift; path = AddMonitorView.swift; sourceTree = "<group>"; };
		B586C9F32BF3DB8B009A564A /* Data Otter iOS WidgetExtension.appex */ = {isa = PBXFileReference; explicitFileType = "wrapper.app-extension"; includeInIndex = 0; path = "Data Otter iOS WidgetExtension.appex"; sourceTree = BUILT_PRODUCTS_DIR; };
		B586C9F72BF3DB8B009A564A /* Data_Otter_iOS_WidgetBundle.swift */ = {isa = PBXFileReference; lastKnownFileType = sourcecode.swift; path = Data_Otter_iOS_WidgetBundle.swift; sourceTree = "<group>"; };
		B586C9F92BF3DB8B009A564A /* Data_Otter_iOS_Widget.swift */ = {isa = PBXFileReference; lastKnownFileType = sourcecode.swift; path = Data_Otter_iOS_Widget.swift; sourceTree = "<group>"; };
		B586C9FB2BF3DB8B009A564A /* AppIntent.swift */ = {isa = PBXFileReference; lastKnownFileType = sourcecode.swift; path = AppIntent.swift; sourceTree = "<group>"; };
		B586C9FD2BF3DB8E009A564A /* Assets.xcassets */ = {isa = PBXFileReference; lastKnownFileType = folder.assetcatalog; path = Assets.xcassets; sourceTree = "<group>"; };
		B586C9FF2BF3DB8F009A564A /* Info.plist */ = {isa = PBXFileReference; lastKnownFileType = text.plist.xml; path = Info.plist; sourceTree = "<group>"; };
		B59747532A41DC2800A5DA4C /* WidgetKit.framework */ = {isa = PBXFileReference; lastKnownFileType = wrapper.framework; name = WidgetKit.framework; path = System/Library/Frameworks/WidgetKit.framework; sourceTree = SDKROOT; };
		B59747552A41DC2800A5DA4C /* SwiftUI.framework */ = {isa = PBXFileReference; lastKnownFileType = wrapper.framework; name = SwiftUI.framework; path = System/Library/Frameworks/SwiftUI.framework; sourceTree = SDKROOT; };
/* End PBXFileReference section */

/* Begin PBXFrameworksBuildPhase section */
		B586C9CA2BF25577009A564A /* Frameworks */ = {
			isa = PBXFrameworksBuildPhase;
			buildActionMask = 2147483647;
			files = (
			);
			runOnlyForDeploymentPostprocessing = 0;
		};
		B586C9F02BF3DB8B009A564A /* Frameworks */ = {
			isa = PBXFrameworksBuildPhase;
			buildActionMask = 2147483647;
			files = (
				B586C9F52BF3DB8B009A564A /* SwiftUI.framework in Frameworks */,
				B586C9F42BF3DB8B009A564A /* WidgetKit.framework in Frameworks */,
			);
			runOnlyForDeploymentPostprocessing = 0;
		};
/* End PBXFrameworksBuildPhase section */

/* Begin PBXGroup section */
		B586C9CE2BF25577009A564A /* Data Otter */ = {
			isa = PBXGroup;
			children = (
				B586C9DB2BF2566A009A564A /* Views */,
				B586C9CF2BF25577009A564A /* Data_OtterApp.swift */,
				B586C9D12BF25577009A564A /* ContentView.swift */,
				B586C9D32BF25579009A564A /* Assets.xcassets */,
				B586C9D52BF25579009A564A /* Preview Content */,
			);
			path = "Data Otter";
			sourceTree = "<group>";
		};
		B586C9D52BF25579009A564A /* Preview Content */ = {
			isa = PBXGroup;
			children = (
				B586C9D62BF25579009A564A /* Preview Assets.xcassets */,
			);
			path = "Preview Content";
			sourceTree = "<group>";
		};
		B586C9DB2BF2566A009A564A /* Views */ = {
			isa = PBXGroup;
			children = (
				B586C9DC2BF25685009A564A /* GeneralView.swift */,
				B586C9E02BF256EF009A564A /* EventsListView.swift */,
				B586C9E22BF25ABE009A564A /* MonitorListView.swift */,
				B586C9E42BF25C2C009A564A /* MonitorDetailView.swift */,
				B586C9ED2BF3BB04009A564A /* AddMonitorView.swift */,
			);
			path = Views;
			sourceTree = "<group>";
		};
		B586C9EA2BF3A6D7009A564A /* views */ = {
			isa = PBXGroup;
			children = (
				B586C9EB2BF3A6EB009A564A /* HistoryGraphView.swift */,
			);
			path = views;
			sourceTree = "<group>";
		};
		B586C9F62BF3DB8B009A564A /* Data Otter iOS Widget */ = {
			isa = PBXGroup;
			children = (
				B586C9F72BF3DB8B009A564A /* Data_Otter_iOS_WidgetBundle.swift */,
				B586C9F92BF3DB8B009A564A /* Data_Otter_iOS_Widget.swift */,
				B586C9FB2BF3DB8B009A564A /* AppIntent.swift */,
				B586C9FD2BF3DB8E009A564A /* Assets.xcassets */,
				B586C9FF2BF3DB8F009A564A /* Info.plist */,
			);
			path = "Data Otter iOS Widget";
			sourceTree = "<group>";
		};
		B59747332A41DBF600A5DA4C = {
			isa = PBXGroup;
			children = (
				B59D50272A4362C200207428 /* Shared */,
				B586C9CE2BF25577009A564A /* Data Otter */,
				B586C9F62BF3DB8B009A564A /* Data Otter iOS Widget */,
				B59747522A41DC2800A5DA4C /* Frameworks */,
				B597473D2A41DBF600A5DA4C /* Products */,
			);
			sourceTree = "<group>";
		};
		B597473D2A41DBF600A5DA4C /* Products */ = {
			isa = PBXGroup;
			children = (
				B586C9CD2BF25577009A564A /* Data Otter.app */,
				B586C9F32BF3DB8B009A564A /* Data Otter iOS WidgetExtension.appex */,
			);
			name = Products;
			sourceTree = "<group>";
		};
		B59747522A41DC2800A5DA4C /* Frameworks */ = {
			isa = PBXGroup;
			children = (
				B59747532A41DC2800A5DA4C /* WidgetKit.framework */,
				B59747552A41DC2800A5DA4C /* SwiftUI.framework */,
			);
			name = Frameworks;
			sourceTree = "<group>";
		};
		B59D50272A4362C200207428 /* Shared */ = {
			isa = PBXGroup;
			children = (
				B586C9EA2BF3A6D7009A564A /* views */,
				B5E196F32A43F27D0089518A /* data */,
				B586C9C42BF1948A009A564A /* MonitorsService.swift */,
			);
			path = Shared;
			sourceTree = "<group>";
		};
		B5E196F32A43F27D0089518A /* data */ = {
			isa = PBXGroup;
			children = (
				B586C9BF2BF18230009A564A /* MonitorStatus.swift */,
				B586C9E62BF2AF92009A564A /* MonitorData.swift */,
				B586C9E82BF2B3D3009A564A /* MonitorCreationResult.swift */,
			);
			path = data;
			sourceTree = "<group>";
		};
/* End PBXGroup section */

/* Begin PBXNativeTarget section */
		B586C9CC2BF25577009A564A /* Data Otter */ = {
			isa = PBXNativeTarget;
			buildConfigurationList = B586C9D82BF25579009A564A /* Build configuration list for PBXNativeTarget "Data Otter" */;
			buildPhases = (
				B586C9C92BF25577009A564A /* Sources */,
				B586C9CA2BF25577009A564A /* Frameworks */,
				B586C9CB2BF25577009A564A /* Resources */,
				B586CA062BF3DB8F009A564A /* Embed Foundation Extensions */,
			);
			buildRules = (
			);
			dependencies = (
				B586CA012BF3DB8F009A564A /* PBXTargetDependency */,
			);
			name = "Data Otter";
			productName = "Data Otter";
			productReference = B586C9CD2BF25577009A564A /* Data Otter.app */;
			productType = "com.apple.product-type.application";
		};
		B586C9F22BF3DB8B009A564A /* Data Otter iOS WidgetExtension */ = {
			isa = PBXNativeTarget;
			buildConfigurationList = B586CA032BF3DB8F009A564A /* Build configuration list for PBXNativeTarget "Data Otter iOS WidgetExtension" */;
			buildPhases = (
				B586C9EF2BF3DB8B009A564A /* Sources */,
				B586C9F02BF3DB8B009A564A /* Frameworks */,
				B586C9F12BF3DB8B009A564A /* Resources */,
			);
			buildRules = (
			);
			dependencies = (
			);
			name = "Data Otter iOS WidgetExtension";
			productName = "Data Otter iOS WidgetExtension";
			productReference = B586C9F32BF3DB8B009A564A /* Data Otter iOS WidgetExtension.appex */;
			productType = "com.apple.product-type.app-extension";
		};
/* End PBXNativeTarget section */

/* Begin PBXProject section */
		B59747342A41DBF600A5DA4C /* Project object */ = {
			isa = PBXProject;
			attributes = {
				BuildIndependentTargetsInParallel = 1;
				LastSwiftUpdateCheck = 1530;
				LastUpgradeCheck = 1530;
				TargetAttributes = {
					B586C9CC2BF25577009A564A = {
						CreatedOnToolsVersion = 15.3;
					};
					B586C9F22BF3DB8B009A564A = {
						CreatedOnToolsVersion = 15.3;
					};
				};
			};
			buildConfigurationList = B59747372A41DBF600A5DA4C /* Build configuration list for PBXProject "Monitors" */;
			compatibilityVersion = "Xcode 14.0";
			developmentRegion = en;
			hasScannedForEncodings = 0;
			knownRegions = (
				en,
				Base,
			);
			mainGroup = B59747332A41DBF600A5DA4C;
			productRefGroup = B597473D2A41DBF600A5DA4C /* Products */;
			projectDirPath = "";
			projectRoot = "";
			targets = (
				B586C9CC2BF25577009A564A /* Data Otter */,
				B586C9F22BF3DB8B009A564A /* Data Otter iOS WidgetExtension */,
			);
		};
/* End PBXProject section */

/* Begin PBXResourcesBuildPhase section */
		B586C9CB2BF25577009A564A /* Resources */ = {
			isa = PBXResourcesBuildPhase;
			buildActionMask = 2147483647;
			files = (
				B586C9D72BF25579009A564A /* Preview Assets.xcassets in Resources */,
				B586C9D42BF25579009A564A /* Assets.xcassets in Resources */,
			);
			runOnlyForDeploymentPostprocessing = 0;
		};
		B586C9F12BF3DB8B009A564A /* Resources */ = {
			isa = PBXResourcesBuildPhase;
			buildActionMask = 2147483647;
			files = (
				B586C9FE2BF3DB8E009A564A /* Assets.xcassets in Resources */,
			);
			runOnlyForDeploymentPostprocessing = 0;
		};
/* End PBXResourcesBuildPhase section */

/* Begin PBXSourcesBuildPhase section */
		B586C9C92BF25577009A564A /* Sources */ = {
			isa = PBXSourcesBuildPhase;
			buildActionMask = 2147483647;
			files = (
				B586C9EC2BF3A6EB009A564A /* HistoryGraphView.swift in Sources */,
				B586C9E52BF25C2C009A564A /* MonitorDetailView.swift in Sources */,
				B586C9E72BF2AF92009A564A /* MonitorData.swift in Sources */,
				B586C9EE2BF3BB04009A564A /* AddMonitorView.swift in Sources */,
				B586C9DF2BF2569D009A564A /* MonitorsService.swift in Sources */,
				B586C9E12BF256EF009A564A /* EventsListView.swift in Sources */,
				B586C9E92BF2B3D3009A564A /* MonitorCreationResult.swift in Sources */,
				B586C9DD2BF25685009A564A /* GeneralView.swift in Sources */,
				B586C9D22BF25577009A564A /* ContentView.swift in Sources */,
				B586C9E32BF25ABE009A564A /* MonitorListView.swift in Sources */,
				B586C9DE2BF2569A009A564A /* MonitorStatus.swift in Sources */,
				B586C9D02BF25577009A564A /* Data_OtterApp.swift in Sources */,
			);
			runOnlyForDeploymentPostprocessing = 0;
		};
		B586C9EF2BF3DB8B009A564A /* Sources */ = {
			isa = PBXSourcesBuildPhase;
			buildActionMask = 2147483647;
			files = (
				B586CA072BF3DBA2009A564A /* MonitorsService.swift in Sources */,
				B586C9FA2BF3DB8B009A564A /* Data_Otter_iOS_Widget.swift in Sources */,
				B586C9F82BF3DB8B009A564A /* Data_Otter_iOS_WidgetBundle.swift in Sources */,
				B586CA082BF3DBAB009A564A /* MonitorStatus.swift in Sources */,
				B586CA092BF3DBB0009A564A /* HistoryGraphView.swift in Sources */,
				B586C9FC2BF3DB8B009A564A /* AppIntent.swift in Sources */,
			);
			runOnlyForDeploymentPostprocessing = 0;
		};
/* End PBXSourcesBuildPhase section */

/* Begin PBXTargetDependency section */
		B586CA012BF3DB8F009A564A /* PBXTargetDependency */ = {
			isa = PBXTargetDependency;
			target = B586C9F22BF3DB8B009A564A /* Data Otter iOS WidgetExtension */;
			targetProxy = B586CA002BF3DB8F009A564A /* PBXContainerItemProxy */;
		};
/* End PBXTargetDependency section */

/* Begin XCBuildConfiguration section */
		B586C9D92BF25579009A564A /* Debug */ = {
			isa = XCBuildConfiguration;
			buildSettings = {
				ALWAYS_EMBED_SWIFT_STANDARD_LIBRARIES = YES;
				ASSETCATALOG_COMPILER_APPICON_NAME = AppIcon;
				ASSETCATALOG_COMPILER_GENERATE_SWIFT_ASSET_SYMBOL_EXTENSIONS = YES;
				ASSETCATALOG_COMPILER_GLOBAL_ACCENT_COLOR_NAME = AccentColor;
				CODE_SIGN_STYLE = Automatic;
				CURRENT_PROJECT_VERSION = 1;
				DEVELOPMENT_ASSET_PATHS = "\"Data Otter/Preview Content\"";
				DEVELOPMENT_TEAM = 6M38R97L4D;
				ENABLE_PREVIEWS = YES;
				ENABLE_USER_SCRIPT_SANDBOXING = YES;
				GCC_C_LANGUAGE_STANDARD = gnu17;
				GENERATE_INFOPLIST_FILE = YES;
				INFOPLIST_KEY_UIApplicationSceneManifest_Generation = YES;
				INFOPLIST_KEY_UIApplicationSupportsIndirectInputEvents = YES;
				INFOPLIST_KEY_UILaunchScreen_Generation = YES;
				INFOPLIST_KEY_UISupportedInterfaceOrientations_iPad = "UIInterfaceOrientationPortrait UIInterfaceOrientationPortraitUpsideDown UIInterfaceOrientationLandscapeLeft UIInterfaceOrientationLandscapeRight";
				INFOPLIST_KEY_UISupportedInterfaceOrientations_iPhone = "UIInterfaceOrientationPortrait UIInterfaceOrientationLandscapeLeft UIInterfaceOrientationLandscapeRight";
				IPHONEOS_DEPLOYMENT_TARGET = 17.4;
				LD_RUNPATH_SEARCH_PATHS = (
					"$(inherited)",
					"@executable_path/Frameworks",
				);
				LOCALIZATION_PREFERS_STRING_CATALOGS = YES;
				MARKETING_VERSION = 1.0;
				PRODUCT_BUNDLE_IDENTIFIER = "zgamelogic.Data-Otter";
				PRODUCT_NAME = "$(TARGET_NAME)";
				SWIFT_ACTIVE_COMPILATION_CONDITIONS = "DEBUG $(inherited)";
				SWIFT_EMIT_LOC_STRINGS = YES;
				SWIFT_VERSION = 5.0;
				TARGETED_DEVICE_FAMILY = "1,2";
			};
			name = Debug;
		};
		B586C9DA2BF25579009A564A /* Release */ = {
			isa = XCBuildConfiguration;
			buildSettings = {
				ALWAYS_EMBED_SWIFT_STANDARD_LIBRARIES = YES;
				ASSETCATALOG_COMPILER_APPICON_NAME = AppIcon;
				ASSETCATALOG_COMPILER_GENERATE_SWIFT_ASSET_SYMBOL_EXTENSIONS = YES;
				ASSETCATALOG_COMPILER_GLOBAL_ACCENT_COLOR_NAME = AccentColor;
				CODE_SIGN_STYLE = Automatic;
				CURRENT_PROJECT_VERSION = 1;
				DEVELOPMENT_ASSET_PATHS = "\"Data Otter/Preview Content\"";
				DEVELOPMENT_TEAM = 6M38R97L4D;
				ENABLE_PREVIEWS = YES;
				ENABLE_USER_SCRIPT_SANDBOXING = YES;
				GCC_C_LANGUAGE_STANDARD = gnu17;
				GENERATE_INFOPLIST_FILE = YES;
				INFOPLIST_KEY_UIApplicationSceneManifest_Generation = YES;
				INFOPLIST_KEY_UIApplicationSupportsIndirectInputEvents = YES;
				INFOPLIST_KEY_UILaunchScreen_Generation = YES;
				INFOPLIST_KEY_UISupportedInterfaceOrientations_iPad = "UIInterfaceOrientationPortrait UIInterfaceOrientationPortraitUpsideDown UIInterfaceOrientationLandscapeLeft UIInterfaceOrientationLandscapeRight";
				INFOPLIST_KEY_UISupportedInterfaceOrientations_iPhone = "UIInterfaceOrientationPortrait UIInterfaceOrientationLandscapeLeft UIInterfaceOrientationLandscapeRight";
				IPHONEOS_DEPLOYMENT_TARGET = 17.4;
				LD_RUNPATH_SEARCH_PATHS = (
					"$(inherited)",
					"@executable_path/Frameworks",
				);
				LOCALIZATION_PREFERS_STRING_CATALOGS = YES;
				MARKETING_VERSION = 1.0;
				PRODUCT_BUNDLE_IDENTIFIER = "zgamelogic.Data-Otter";
				PRODUCT_NAME = "$(TARGET_NAME)";
				SWIFT_EMIT_LOC_STRINGS = YES;
				SWIFT_VERSION = 5.0;
				TARGETED_DEVICE_FAMILY = "1,2";
			};
			name = Release;
		};
		B586CA042BF3DB8F009A564A /* Debug */ = {
			isa = XCBuildConfiguration;
			buildSettings = {
				ASSETCATALOG_COMPILER_GLOBAL_ACCENT_COLOR_NAME = AccentColor;
				ASSETCATALOG_COMPILER_WIDGET_BACKGROUND_COLOR_NAME = WidgetBackground;
				CODE_SIGN_STYLE = Automatic;
				CURRENT_PROJECT_VERSION = 1;
				DEVELOPMENT_TEAM = 6M38R97L4D;
				ENABLE_USER_SCRIPT_SANDBOXING = YES;
				GCC_C_LANGUAGE_STANDARD = gnu17;
				GENERATE_INFOPLIST_FILE = YES;
				INFOPLIST_FILE = "Data Otter iOS Widget/Info.plist";
				INFOPLIST_KEY_CFBundleDisplayName = "Data Otter iOS Widget";
				INFOPLIST_KEY_NSHumanReadableCopyright = "";
				IPHONEOS_DEPLOYMENT_TARGET = 17.4;
				LD_RUNPATH_SEARCH_PATHS = (
					"$(inherited)",
					"@executable_path/Frameworks",
					"@executable_path/../../Frameworks",
				);
				LOCALIZATION_PREFERS_STRING_CATALOGS = YES;
				MARKETING_VERSION = 1.0;
				PRODUCT_BUNDLE_IDENTIFIER = "zgamelogic.Data-Otter.Data-Otter-iOS-Widget";
				PRODUCT_NAME = "$(TARGET_NAME)";
				SKIP_INSTALL = YES;
				SWIFT_ACTIVE_COMPILATION_CONDITIONS = "DEBUG $(inherited)";
				SWIFT_EMIT_LOC_STRINGS = YES;
				SWIFT_VERSION = 5.0;
				TARGETED_DEVICE_FAMILY = "1,2";
			};
			name = Debug;
		};
		B586CA052BF3DB8F009A564A /* Release */ = {
			isa = XCBuildConfiguration;
			buildSettings = {
				ASSETCATALOG_COMPILER_GLOBAL_ACCENT_COLOR_NAME = AccentColor;
				ASSETCATALOG_COMPILER_WIDGET_BACKGROUND_COLOR_NAME = WidgetBackground;
				CODE_SIGN_STYLE = Automatic;
				CURRENT_PROJECT_VERSION = 1;
				DEVELOPMENT_TEAM = 6M38R97L4D;
				ENABLE_USER_SCRIPT_SANDBOXING = YES;
				GCC_C_LANGUAGE_STANDARD = gnu17;
				GENERATE_INFOPLIST_FILE = YES;
				INFOPLIST_FILE = "Data Otter iOS Widget/Info.plist";
				INFOPLIST_KEY_CFBundleDisplayName = "Data Otter iOS Widget";
				INFOPLIST_KEY_NSHumanReadableCopyright = "";
				IPHONEOS_DEPLOYMENT_TARGET = 17.4;
				LD_RUNPATH_SEARCH_PATHS = (
					"$(inherited)",
					"@executable_path/Frameworks",
					"@executable_path/../../Frameworks",
				);
				LOCALIZATION_PREFERS_STRING_CATALOGS = YES;
				MARKETING_VERSION = 1.0;
				PRODUCT_BUNDLE_IDENTIFIER = "zgamelogic.Data-Otter.Data-Otter-iOS-Widget";
				PRODUCT_NAME = "$(TARGET_NAME)";
				SKIP_INSTALL = YES;
				SWIFT_EMIT_LOC_STRINGS = YES;
				SWIFT_VERSION = 5.0;
				TARGETED_DEVICE_FAMILY = "1,2";
			};
			name = Release;
		};
		B59747482A41DBF700A5DA4C /* Debug */ = {
			isa = XCBuildConfiguration;
			buildSettings = {
				ALWAYS_SEARCH_USER_PATHS = NO;
				ASSETCATALOG_COMPILER_GENERATE_SWIFT_ASSET_SYMBOL_EXTENSIONS = YES;
				CLANG_ANALYZER_NONNULL = YES;
				CLANG_ANALYZER_NUMBER_OBJECT_CONVERSION = YES_AGGRESSIVE;
				CLANG_CXX_LANGUAGE_STANDARD = "gnu++20";
				CLANG_ENABLE_MODULES = YES;
				CLANG_ENABLE_OBJC_ARC = YES;
				CLANG_ENABLE_OBJC_WEAK = YES;
				CLANG_WARN_BLOCK_CAPTURE_AUTORELEASING = YES;
				CLANG_WARN_BOOL_CONVERSION = YES;
				CLANG_WARN_COMMA = YES;
				CLANG_WARN_CONSTANT_CONVERSION = YES;
				CLANG_WARN_DEPRECATED_OBJC_IMPLEMENTATIONS = YES;
				CLANG_WARN_DIRECT_OBJC_ISA_USAGE = YES_ERROR;
				CLANG_WARN_DOCUMENTATION_COMMENTS = YES;
				CLANG_WARN_EMPTY_BODY = YES;
				CLANG_WARN_ENUM_CONVERSION = YES;
				CLANG_WARN_INFINITE_RECURSION = YES;
				CLANG_WARN_INT_CONVERSION = YES;
				CLANG_WARN_NON_LITERAL_NULL_CONVERSION = YES;
				CLANG_WARN_OBJC_IMPLICIT_RETAIN_SELF = YES;
				CLANG_WARN_OBJC_LITERAL_CONVERSION = YES;
				CLANG_WARN_OBJC_ROOT_CLASS = YES_ERROR;
				CLANG_WARN_QUOTED_INCLUDE_IN_FRAMEWORK_HEADER = YES;
				CLANG_WARN_RANGE_LOOP_ANALYSIS = YES;
				CLANG_WARN_STRICT_PROTOTYPES = YES;
				CLANG_WARN_SUSPICIOUS_MOVE = YES;
				CLANG_WARN_UNGUARDED_AVAILABILITY = YES_AGGRESSIVE;
				CLANG_WARN_UNREACHABLE_CODE = YES;
				CLANG_WARN__DUPLICATE_METHOD_MATCH = YES;
				COPY_PHASE_STRIP = NO;
				DEBUG_INFORMATION_FORMAT = dwarf;
				ENABLE_STRICT_OBJC_MSGSEND = YES;
				ENABLE_TESTABILITY = YES;
				GCC_C_LANGUAGE_STANDARD = gnu11;
				GCC_DYNAMIC_NO_PIC = NO;
				GCC_NO_COMMON_BLOCKS = YES;
				GCC_OPTIMIZATION_LEVEL = 0;
				GCC_PREPROCESSOR_DEFINITIONS = (
					"DEBUG=1",
					"$(inherited)",
				);
				GCC_WARN_64_TO_32_BIT_CONVERSION = YES;
				GCC_WARN_ABOUT_RETURN_TYPE = YES_ERROR;
				GCC_WARN_UNDECLARED_SELECTOR = YES;
				GCC_WARN_UNINITIALIZED_AUTOS = YES_AGGRESSIVE;
				GCC_WARN_UNUSED_FUNCTION = YES;
				GCC_WARN_UNUSED_VARIABLE = YES;
				IPHONEOS_DEPLOYMENT_TARGET = 16.4;
				MTL_ENABLE_DEBUG_INFO = INCLUDE_SOURCE;
				MTL_FAST_MATH = YES;
				ONLY_ACTIVE_ARCH = YES;
				SDKROOT = iphoneos;
				SWIFT_ACTIVE_COMPILATION_CONDITIONS = DEBUG;
				SWIFT_OPTIMIZATION_LEVEL = "-Onone";
			};
			name = Debug;
		};
		B59747492A41DBF700A5DA4C /* Release */ = {
			isa = XCBuildConfiguration;
			buildSettings = {
				ALWAYS_SEARCH_USER_PATHS = NO;
				ASSETCATALOG_COMPILER_GENERATE_SWIFT_ASSET_SYMBOL_EXTENSIONS = YES;
				CLANG_ANALYZER_NONNULL = YES;
				CLANG_ANALYZER_NUMBER_OBJECT_CONVERSION = YES_AGGRESSIVE;
				CLANG_CXX_LANGUAGE_STANDARD = "gnu++20";
				CLANG_ENABLE_MODULES = YES;
				CLANG_ENABLE_OBJC_ARC = YES;
				CLANG_ENABLE_OBJC_WEAK = YES;
				CLANG_WARN_BLOCK_CAPTURE_AUTORELEASING = YES;
				CLANG_WARN_BOOL_CONVERSION = YES;
				CLANG_WARN_COMMA = YES;
				CLANG_WARN_CONSTANT_CONVERSION = YES;
				CLANG_WARN_DEPRECATED_OBJC_IMPLEMENTATIONS = YES;
				CLANG_WARN_DIRECT_OBJC_ISA_USAGE = YES_ERROR;
				CLANG_WARN_DOCUMENTATION_COMMENTS = YES;
				CLANG_WARN_EMPTY_BODY = YES;
				CLANG_WARN_ENUM_CONVERSION = YES;
				CLANG_WARN_INFINITE_RECURSION = YES;
				CLANG_WARN_INT_CONVERSION = YES;
				CLANG_WARN_NON_LITERAL_NULL_CONVERSION = YES;
				CLANG_WARN_OBJC_IMPLICIT_RETAIN_SELF = YES;
				CLANG_WARN_OBJC_LITERAL_CONVERSION = YES;
				CLANG_WARN_OBJC_ROOT_CLASS = YES_ERROR;
				CLANG_WARN_QUOTED_INCLUDE_IN_FRAMEWORK_HEADER = YES;
				CLANG_WARN_RANGE_LOOP_ANALYSIS = YES;
				CLANG_WARN_STRICT_PROTOTYPES = YES;
				CLANG_WARN_SUSPICIOUS_MOVE = YES;
				CLANG_WARN_UNGUARDED_AVAILABILITY = YES_AGGRESSIVE;
				CLANG_WARN_UNREACHABLE_CODE = YES;
				CLANG_WARN__DUPLICATE_METHOD_MATCH = YES;
				COPY_PHASE_STRIP = NO;
				DEBUG_INFORMATION_FORMAT = "dwarf-with-dsym";
				ENABLE_NS_ASSERTIONS = NO;
				ENABLE_STRICT_OBJC_MSGSEND = YES;
				GCC_C_LANGUAGE_STANDARD = gnu11;
				GCC_NO_COMMON_BLOCKS = YES;
				GCC_WARN_64_TO_32_BIT_CONVERSION = YES;
				GCC_WARN_ABOUT_RETURN_TYPE = YES_ERROR;
				GCC_WARN_UNDECLARED_SELECTOR = YES;
				GCC_WARN_UNINITIALIZED_AUTOS = YES_AGGRESSIVE;
				GCC_WARN_UNUSED_FUNCTION = YES;
				GCC_WARN_UNUSED_VARIABLE = YES;
				IPHONEOS_DEPLOYMENT_TARGET = 16.4;
				MTL_ENABLE_DEBUG_INFO = NO;
				MTL_FAST_MATH = YES;
				SDKROOT = iphoneos;
				SWIFT_COMPILATION_MODE = wholemodule;
				SWIFT_OPTIMIZATION_LEVEL = "-O";
				VALIDATE_PRODUCT = YES;
			};
			name = Release;
		};
/* End XCBuildConfiguration section */

/* Begin XCConfigurationList section */
		B586C9D82BF25579009A564A /* Build configuration list for PBXNativeTarget "Data Otter" */ = {
			isa = XCConfigurationList;
			buildConfigurations = (
				B586C9D92BF25579009A564A /* Debug */,
				B586C9DA2BF25579009A564A /* Release */,
			);
			defaultConfigurationIsVisible = 0;
			defaultConfigurationName = Release;
		};
		B586CA032BF3DB8F009A564A /* Build configuration list for PBXNativeTarget "Data Otter iOS WidgetExtension" */ = {
			isa = XCConfigurationList;
			buildConfigurations = (
				B586CA042BF3DB8F009A564A /* Debug */,
				B586CA052BF3DB8F009A564A /* Release */,
			);
			defaultConfigurationIsVisible = 0;
			defaultConfigurationName = Release;
		};
		B59747372A41DBF600A5DA4C /* Build configuration list for PBXProject "Monitors" */ = {
			isa = XCConfigurationList;
			buildConfigurations = (
				B59747482A41DBF700A5DA4C /* Debug */,
				B59747492A41DBF700A5DA4C /* Release */,
			);
			defaultConfigurationIsVisible = 0;
			defaultConfigurationName = Release;
		};
/* End XCConfigurationList section */
	};
	rootObject = B59747342A41DBF600A5DA4C /* Project object */;
}
