// !$*UTF8*$!
{
	archiveVersion = 1;
	classes = {
	};
	objectVersion = 56;
	objects = {

/* Begin PBXBuildFile section */
		B509826E2BF6A8FF00F5A277 /* MonitorsModel.swift in Sources */ = {isa = PBXBuildFile; fileRef = B509826D2BF6A8FF00F5A277 /* MonitorsModel.swift */; };
		B51ECC8F2C66B30800B15BC7 /* Monitor Service Data.swift in Sources */ = {isa = PBXBuildFile; fileRef = B51ECC8E2C66B30800B15BC7 /* Monitor Service Data.swift */; };
		B51ECC902C66B30800B15BC7 /* Monitor Service Data.swift in Sources */ = {isa = PBXBuildFile; fileRef = B51ECC8E2C66B30800B15BC7 /* Monitor Service Data.swift */; };
		B51ECC912C66B30800B15BC7 /* Monitor Service Data.swift in Sources */ = {isa = PBXBuildFile; fileRef = B51ECC8E2C66B30800B15BC7 /* Monitor Service Data.swift */; };
		B51ECC922C66B30800B15BC7 /* Monitor Service Data.swift in Sources */ = {isa = PBXBuildFile; fileRef = B51ECC8E2C66B30800B15BC7 /* Monitor Service Data.swift */; };
		B51ECC932C66B30800B15BC7 /* Monitor Service Data.swift in Sources */ = {isa = PBXBuildFile; fileRef = B51ECC8E2C66B30800B15BC7 /* Monitor Service Data.swift */; };
		B51ECC952C66B39700B15BC7 /* ApplicationGeneralView.swift in Sources */ = {isa = PBXBuildFile; fileRef = B51ECC942C66B39700B15BC7 /* ApplicationGeneralView.swift */; };
		B51ECC9B2C66B67100B15BC7 /* NoApplicationsFoundView.swift in Sources */ = {isa = PBXBuildFile; fileRef = B51ECC9A2C66B67100B15BC7 /* NoApplicationsFoundView.swift */; };
		B51ECC9D2C66B68200B15BC7 /* ApplicationListView.swift in Sources */ = {isa = PBXBuildFile; fileRef = B51ECC9C2C66B68200B15BC7 /* ApplicationListView.swift */; };
		B51ECC9F2C66B69B00B15BC7 /* ApplicationListSkeletonView.swift in Sources */ = {isa = PBXBuildFile; fileRef = B51ECC9E2C66B69B00B15BC7 /* ApplicationListSkeletonView.swift */; };
		B51ECCA12C66B6B700B15BC7 /* ApplicationCreateView.swift in Sources */ = {isa = PBXBuildFile; fileRef = B51ECCA02C66B6B700B15BC7 /* ApplicationCreateView.swift */; };
		B5210EAF2BF5950B00854A3C /* Data_Otter_WatchOSApp.swift in Sources */ = {isa = PBXBuildFile; fileRef = B5210EAE2BF5950B00854A3C /* Data_Otter_WatchOSApp.swift */; };
		B5210EB12BF5950B00854A3C /* ContentView.swift in Sources */ = {isa = PBXBuildFile; fileRef = B5210EB02BF5950B00854A3C /* ContentView.swift */; };
		B5210EB32BF5950D00854A3C /* Assets.xcassets in Resources */ = {isa = PBXBuildFile; fileRef = B5210EB22BF5950D00854A3C /* Assets.xcassets */; };
		B5210EB62BF5950D00854A3C /* Preview Assets.xcassets in Resources */ = {isa = PBXBuildFile; fileRef = B5210EB52BF5950D00854A3C /* Preview Assets.xcassets */; };
		B5210EB92BF5950D00854A3C /* Data Otter WatchOS Watch App.app in Embed Watch Content */ = {isa = PBXBuildFile; fileRef = B5210EAC2BF5950B00854A3C /* Data Otter WatchOS Watch App.app */; settings = {ATTRIBUTES = (RemoveHeadersOnCopy, ); }; };
		B5210EC32BF5959400854A3C /* WidgetKit.framework in Frameworks */ = {isa = PBXBuildFile; fileRef = B59747532A41DC2800A5DA4C /* WidgetKit.framework */; };
		B5210EC42BF5959400854A3C /* SwiftUI.framework in Frameworks */ = {isa = PBXBuildFile; fileRef = B59747552A41DC2800A5DA4C /* SwiftUI.framework */; };
		B5210EC72BF5959400854A3C /* Data_Otter_WatchOS_Widget.swift in Sources */ = {isa = PBXBuildFile; fileRef = B5210EC62BF5959400854A3C /* Data_Otter_WatchOS_Widget.swift */; };
		B5210EC92BF5959400854A3C /* AppIntent.swift in Sources */ = {isa = PBXBuildFile; fileRef = B5210EC82BF5959400854A3C /* AppIntent.swift */; };
		B5210ECB2BF5959600854A3C /* Assets.xcassets in Resources */ = {isa = PBXBuildFile; fileRef = B5210ECA2BF5959600854A3C /* Assets.xcassets */; };
		B5210ECF2BF5959600854A3C /* Data Otter WatchOS WidgetExtension.appex in Embed Foundation Extensions */ = {isa = PBXBuildFile; fileRef = B5210EC22BF5959400854A3C /* Data Otter WatchOS WidgetExtension.appex */; settings = {ATTRIBUTES = (RemoveHeadersOnCopy, ); }; };
		B5210ED42BF595EA00854A3C /* HistoryGraphView.swift in Sources */ = {isa = PBXBuildFile; fileRef = B586C9EB2BF3A6EB009A564A /* HistoryGraphView.swift */; };
		B5210ED52BF595EB00854A3C /* HistoryGraphView.swift in Sources */ = {isa = PBXBuildFile; fileRef = B586C9EB2BF3A6EB009A564A /* HistoryGraphView.swift */; };
		B5210ED62BF595EE00854A3C /* Monitor.swift in Sources */ = {isa = PBXBuildFile; fileRef = B586C9BF2BF18230009A564A /* Monitor.swift */; };
		B5210ED72BF595EE00854A3C /* Monitor.swift in Sources */ = {isa = PBXBuildFile; fileRef = B586C9BF2BF18230009A564A /* Monitor.swift */; };
		B5210ED82BF595F200854A3C /* MonitorData.swift in Sources */ = {isa = PBXBuildFile; fileRef = B586C9E62BF2AF92009A564A /* MonitorData.swift */; };
		B5210ED92BF595F200854A3C /* MonitorData.swift in Sources */ = {isa = PBXBuildFile; fileRef = B586C9E62BF2AF92009A564A /* MonitorData.swift */; };
		B5210EDA2BF595F500854A3C /* MonitorCreationResult.swift in Sources */ = {isa = PBXBuildFile; fileRef = B586C9E82BF2B3D3009A564A /* MonitorCreationResult.swift */; };
		B5210EDB2BF595F600854A3C /* MonitorCreationResult.swift in Sources */ = {isa = PBXBuildFile; fileRef = B586C9E82BF2B3D3009A564A /* MonitorCreationResult.swift */; };
		B5210EDC2BF595F900854A3C /* Monitors Service.swift in Sources */ = {isa = PBXBuildFile; fileRef = B586C9C42BF1948A009A564A /* Monitors Service.swift */; };
		B5210EDD2BF595F900854A3C /* Monitors Service.swift in Sources */ = {isa = PBXBuildFile; fileRef = B586C9C42BF1948A009A564A /* Monitors Service.swift */; };
		B5745BAA2BF506910049B304 /* DataOtterGuageWidgetView.swift in Sources */ = {isa = PBXBuildFile; fileRef = B5745BA92BF506910049B304 /* DataOtterGuageWidgetView.swift */; };
		B5745BB02BF5319F0049B304 /* WidgetKit.framework in Frameworks */ = {isa = PBXBuildFile; fileRef = B59747532A41DC2800A5DA4C /* WidgetKit.framework */; };
		B5745BB12BF5319F0049B304 /* SwiftUI.framework in Frameworks */ = {isa = PBXBuildFile; fileRef = B59747552A41DC2800A5DA4C /* SwiftUI.framework */; };
		B5745BB42BF5319F0049B304 /* Data_Otter_iOS_Widget_GraphBundle.swift in Sources */ = {isa = PBXBuildFile; fileRef = B5745BB32BF5319F0049B304 /* Data_Otter_iOS_Widget_GraphBundle.swift */; };
		B5745BB62BF5319F0049B304 /* Data_Otter_iOS_Widget_Graph.swift in Sources */ = {isa = PBXBuildFile; fileRef = B5745BB52BF5319F0049B304 /* Data_Otter_iOS_Widget_Graph.swift */; };
		B5745BB82BF5319F0049B304 /* AppIntent.swift in Sources */ = {isa = PBXBuildFile; fileRef = B5745BB72BF5319F0049B304 /* AppIntent.swift */; };
		B5745BBA2BF531A20049B304 /* Assets.xcassets in Resources */ = {isa = PBXBuildFile; fileRef = B5745BB92BF531A20049B304 /* Assets.xcassets */; };
		B5745BBE2BF531A20049B304 /* Data Otter iOS Widget GraphExtension.appex in Embed Foundation Extensions */ = {isa = PBXBuildFile; fileRef = B5745BAF2BF5319F0049B304 /* Data Otter iOS Widget GraphExtension.appex */; settings = {ATTRIBUTES = (RemoveHeadersOnCopy, ); }; };
		B5745BC22BF535EF0049B304 /* Monitor.swift in Sources */ = {isa = PBXBuildFile; fileRef = B586C9BF2BF18230009A564A /* Monitor.swift */; };
		B5745BC52BF571260049B304 /* MonitorData.swift in Sources */ = {isa = PBXBuildFile; fileRef = B586C9E62BF2AF92009A564A /* MonitorData.swift */; };
		B5745BC62BF574090049B304 /* HistoryGraphView.swift in Sources */ = {isa = PBXBuildFile; fileRef = B586C9EB2BF3A6EB009A564A /* HistoryGraphView.swift */; };
		B5745BC72BF575340049B304 /* Monitors Service.swift in Sources */ = {isa = PBXBuildFile; fileRef = B586C9C42BF1948A009A564A /* Monitors Service.swift */; };
		B5745BCA2BF577810049B304 /* MonitorCreationResult.swift in Sources */ = {isa = PBXBuildFile; fileRef = B586C9E82BF2B3D3009A564A /* MonitorCreationResult.swift */; };
		B586C9D02BF25577009A564A /* Data_OtterApp.swift in Sources */ = {isa = PBXBuildFile; fileRef = B586C9CF2BF25577009A564A /* Data_OtterApp.swift */; };
		B586C9D22BF25577009A564A /* ContentView.swift in Sources */ = {isa = PBXBuildFile; fileRef = B586C9D12BF25577009A564A /* ContentView.swift */; };
		B586C9D42BF25579009A564A /* Assets.xcassets in Resources */ = {isa = PBXBuildFile; fileRef = B586C9D32BF25579009A564A /* Assets.xcassets */; };
		B586C9D72BF25579009A564A /* Preview Assets.xcassets in Resources */ = {isa = PBXBuildFile; fileRef = B586C9D62BF25579009A564A /* Preview Assets.xcassets */; };
		B586C9DD2BF25685009A564A /* MonitorGeneralView.swift in Sources */ = {isa = PBXBuildFile; fileRef = B586C9DC2BF25685009A564A /* MonitorGeneralView.swift */; };
		B586C9DE2BF2569A009A564A /* Monitor.swift in Sources */ = {isa = PBXBuildFile; fileRef = B586C9BF2BF18230009A564A /* Monitor.swift */; };
		B586C9DF2BF2569D009A564A /* Monitors Service.swift in Sources */ = {isa = PBXBuildFile; fileRef = B586C9C42BF1948A009A564A /* Monitors Service.swift */; };
		B586C9E12BF256EF009A564A /* EventsListView.swift in Sources */ = {isa = PBXBuildFile; fileRef = B586C9E02BF256EF009A564A /* EventsListView.swift */; };
		B586C9E32BF25ABE009A564A /* MonitorListView.swift in Sources */ = {isa = PBXBuildFile; fileRef = B586C9E22BF25ABE009A564A /* MonitorListView.swift */; };
		B586C9E52BF25C2C009A564A /* MonitorDetailView.swift in Sources */ = {isa = PBXBuildFile; fileRef = B586C9E42BF25C2C009A564A /* MonitorDetailView.swift */; };
		B586C9E72BF2AF92009A564A /* MonitorData.swift in Sources */ = {isa = PBXBuildFile; fileRef = B586C9E62BF2AF92009A564A /* MonitorData.swift */; };
		B586C9E92BF2B3D3009A564A /* MonitorCreationResult.swift in Sources */ = {isa = PBXBuildFile; fileRef = B586C9E82BF2B3D3009A564A /* MonitorCreationResult.swift */; };
		B586C9EC2BF3A6EB009A564A /* HistoryGraphView.swift in Sources */ = {isa = PBXBuildFile; fileRef = B586C9EB2BF3A6EB009A564A /* HistoryGraphView.swift */; };
		B586C9EE2BF3BB04009A564A /* AddMonitorView.swift in Sources */ = {isa = PBXBuildFile; fileRef = B586C9ED2BF3BB04009A564A /* AddMonitorView.swift */; };
		B586C9F42BF3DB8B009A564A /* WidgetKit.framework in Frameworks */ = {isa = PBXBuildFile; fileRef = B59747532A41DC2800A5DA4C /* WidgetKit.framework */; };
		B586C9F52BF3DB8B009A564A /* SwiftUI.framework in Frameworks */ = {isa = PBXBuildFile; fileRef = B59747552A41DC2800A5DA4C /* SwiftUI.framework */; };
		B586C9F82BF3DB8B009A564A /* Data_Otter_iOS_WidgetBundle.swift in Sources */ = {isa = PBXBuildFile; fileRef = B586C9F72BF3DB8B009A564A /* Data_Otter_iOS_WidgetBundle.swift */; };
		B586C9FA2BF3DB8B009A564A /* Data_Otter_iOS_Widget.swift in Sources */ = {isa = PBXBuildFile; fileRef = B586C9F92BF3DB8B009A564A /* Data_Otter_iOS_Widget.swift */; };
		B586C9FC2BF3DB8B009A564A /* AppIntent.swift in Sources */ = {isa = PBXBuildFile; fileRef = B586C9FB2BF3DB8B009A564A /* AppIntent.swift */; };
		B586C9FE2BF3DB8E009A564A /* Assets.xcassets in Resources */ = {isa = PBXBuildFile; fileRef = B586C9FD2BF3DB8E009A564A /* Assets.xcassets */; };
		B586CA022BF3DB8F009A564A /* Data Otter iOS WidgetExtension.appex in Embed Foundation Extensions */ = {isa = PBXBuildFile; fileRef = B586C9F32BF3DB8B009A564A /* Data Otter iOS WidgetExtension.appex */; settings = {ATTRIBUTES = (RemoveHeadersOnCopy, ); }; };
		B586CA072BF3DBA2009A564A /* Monitors Service.swift in Sources */ = {isa = PBXBuildFile; fileRef = B586C9C42BF1948A009A564A /* Monitors Service.swift */; };
		B586CA082BF3DBAB009A564A /* Monitor.swift in Sources */ = {isa = PBXBuildFile; fileRef = B586C9BF2BF18230009A564A /* Monitor.swift */; };
		B586CA092BF3DBB0009A564A /* HistoryGraphView.swift in Sources */ = {isa = PBXBuildFile; fileRef = B586C9EB2BF3A6EB009A564A /* HistoryGraphView.swift */; };
		B586CA0A2BF3DC36009A564A /* MonitorData.swift in Sources */ = {isa = PBXBuildFile; fileRef = B586C9E62BF2AF92009A564A /* MonitorData.swift */; };
		B586CA0B2BF3DC49009A564A /* MonitorCreationResult.swift in Sources */ = {isa = PBXBuildFile; fileRef = B586C9E82BF2B3D3009A564A /* MonitorCreationResult.swift */; };
		B586CA0D2BF3E5C5009A564A /* EventsView.swift in Sources */ = {isa = PBXBuildFile; fileRef = B586CA0C2BF3E5C5009A564A /* EventsView.swift */; };
		B586CA102BF3FEDA009A564A /* EventDetailView.swift in Sources */ = {isa = PBXBuildFile; fileRef = B586CA0F2BF3FEDA009A564A /* EventDetailView.swift */; };
		B5CB0B292C2C68FB001D202C /* MonitorListSkeleton.swift in Sources */ = {isa = PBXBuildFile; fileRef = B5CB0B282C2C68FB001D202C /* MonitorListSkeleton.swift */; };
		B5FB16922BF685BD00BA9447 /* StatusListView.swift in Sources */ = {isa = PBXBuildFile; fileRef = B5FB16912BF685BD00BA9447 /* StatusListView.swift */; };
/* End PBXBuildFile section */

/* Begin PBXContainerItemProxy section */
		B5210EB72BF5950D00854A3C /* PBXContainerItemProxy */ = {
			isa = PBXContainerItemProxy;
			containerPortal = B59747342A41DBF600A5DA4C /* Project object */;
			proxyType = 1;
			remoteGlobalIDString = B5210EAB2BF5950B00854A3C;
			remoteInfo = "Data Otter WatchOS Watch App";
		};
		B5210ECD2BF5959600854A3C /* PBXContainerItemProxy */ = {
			isa = PBXContainerItemProxy;
			containerPortal = B59747342A41DBF600A5DA4C /* Project object */;
			proxyType = 1;
			remoteGlobalIDString = B5210EC12BF5959400854A3C;
			remoteInfo = "Data Otter WatchOS WidgetExtension";
		};
		B5745BBC2BF531A20049B304 /* PBXContainerItemProxy */ = {
			isa = PBXContainerItemProxy;
			containerPortal = B59747342A41DBF600A5DA4C /* Project object */;
			proxyType = 1;
			remoteGlobalIDString = B5745BAE2BF5319F0049B304;
			remoteInfo = "Data Otter iOS Widget GraphExtension";
		};
		B586CA002BF3DB8F009A564A /* PBXContainerItemProxy */ = {
			isa = PBXContainerItemProxy;
			containerPortal = B59747342A41DBF600A5DA4C /* Project object */;
			proxyType = 1;
			remoteGlobalIDString = B586C9F22BF3DB8B009A564A;
			remoteInfo = "Data Otter iOS WidgetExtension";
		};
/* End PBXContainerItemProxy section */

/* Begin PBXCopyFilesBuildPhase section */
		B5210EBD2BF5950D00854A3C /* Embed Watch Content */ = {
			isa = PBXCopyFilesBuildPhase;
			buildActionMask = 2147483647;
			dstPath = "$(CONTENTS_FOLDER_PATH)/Watch";
			dstSubfolderSpec = 16;
			files = (
				B5210EB92BF5950D00854A3C /* Data Otter WatchOS Watch App.app in Embed Watch Content */,
			);
			name = "Embed Watch Content";
			runOnlyForDeploymentPostprocessing = 0;
		};
		B5210ED32BF5959600854A3C /* Embed Foundation Extensions */ = {
			isa = PBXCopyFilesBuildPhase;
			buildActionMask = 2147483647;
			dstPath = "";
			dstSubfolderSpec = 13;
			files = (
				B5210ECF2BF5959600854A3C /* Data Otter WatchOS WidgetExtension.appex in Embed Foundation Extensions */,
			);
			name = "Embed Foundation Extensions";
			runOnlyForDeploymentPostprocessing = 0;
		};
		B586CA062BF3DB8F009A564A /* Embed Foundation Extensions */ = {
			isa = PBXCopyFilesBuildPhase;
			buildActionMask = 2147483647;
			dstPath = "";
			dstSubfolderSpec = 13;
			files = (
				B5745BBE2BF531A20049B304 /* Data Otter iOS Widget GraphExtension.appex in Embed Foundation Extensions */,
				B586CA022BF3DB8F009A564A /* Data Otter iOS WidgetExtension.appex in Embed Foundation Extensions */,
			);
			name = "Embed Foundation Extensions";
			runOnlyForDeploymentPostprocessing = 0;
		};
/* End PBXCopyFilesBuildPhase section */

/* Begin PBXFileReference section */
		B509826D2BF6A8FF00F5A277 /* MonitorsModel.swift */ = {isa = PBXFileReference; lastKnownFileType = sourcecode.swift; path = MonitorsModel.swift; sourceTree = "<group>"; };
		B51ECC8E2C66B30800B15BC7 /* Monitor Service Data.swift */ = {isa = PBXFileReference; lastKnownFileType = sourcecode.swift; path = "Monitor Service Data.swift"; sourceTree = "<group>"; };
		B51ECC942C66B39700B15BC7 /* ApplicationGeneralView.swift */ = {isa = PBXFileReference; lastKnownFileType = sourcecode.swift; path = ApplicationGeneralView.swift; sourceTree = "<group>"; };
		B51ECC9A2C66B67100B15BC7 /* NoApplicationsFoundView.swift */ = {isa = PBXFileReference; lastKnownFileType = sourcecode.swift; path = NoApplicationsFoundView.swift; sourceTree = "<group>"; };
		B51ECC9C2C66B68200B15BC7 /* ApplicationListView.swift */ = {isa = PBXFileReference; lastKnownFileType = sourcecode.swift; path = ApplicationListView.swift; sourceTree = "<group>"; };
		B51ECC9E2C66B69B00B15BC7 /* ApplicationListSkeletonView.swift */ = {isa = PBXFileReference; lastKnownFileType = sourcecode.swift; path = ApplicationListSkeletonView.swift; sourceTree = "<group>"; };
		B51ECCA02C66B6B700B15BC7 /* ApplicationCreateView.swift */ = {isa = PBXFileReference; lastKnownFileType = sourcecode.swift; path = ApplicationCreateView.swift; sourceTree = "<group>"; };
		B5210EAC2BF5950B00854A3C /* Data Otter WatchOS Watch App.app */ = {isa = PBXFileReference; explicitFileType = wrapper.application; includeInIndex = 0; path = "Data Otter WatchOS Watch App.app"; sourceTree = BUILT_PRODUCTS_DIR; };
		B5210EAE2BF5950B00854A3C /* Data_Otter_WatchOSApp.swift */ = {isa = PBXFileReference; lastKnownFileType = sourcecode.swift; path = Data_Otter_WatchOSApp.swift; sourceTree = "<group>"; };
		B5210EB02BF5950B00854A3C /* ContentView.swift */ = {isa = PBXFileReference; lastKnownFileType = sourcecode.swift; path = ContentView.swift; sourceTree = "<group>"; };
		B5210EB22BF5950D00854A3C /* Assets.xcassets */ = {isa = PBXFileReference; lastKnownFileType = folder.assetcatalog; path = Assets.xcassets; sourceTree = "<group>"; };
		B5210EB52BF5950D00854A3C /* Preview Assets.xcassets */ = {isa = PBXFileReference; lastKnownFileType = folder.assetcatalog; path = "Preview Assets.xcassets"; sourceTree = "<group>"; };
		B5210EC22BF5959400854A3C /* Data Otter WatchOS WidgetExtension.appex */ = {isa = PBXFileReference; explicitFileType = "wrapper.app-extension"; includeInIndex = 0; path = "Data Otter WatchOS WidgetExtension.appex"; sourceTree = BUILT_PRODUCTS_DIR; };
		B5210EC62BF5959400854A3C /* Data_Otter_WatchOS_Widget.swift */ = {isa = PBXFileReference; lastKnownFileType = sourcecode.swift; path = Data_Otter_WatchOS_Widget.swift; sourceTree = "<group>"; };
		B5210EC82BF5959400854A3C /* AppIntent.swift */ = {isa = PBXFileReference; lastKnownFileType = sourcecode.swift; path = AppIntent.swift; sourceTree = "<group>"; };
		B5210ECA2BF5959600854A3C /* Assets.xcassets */ = {isa = PBXFileReference; lastKnownFileType = folder.assetcatalog; path = Assets.xcassets; sourceTree = "<group>"; };
		B5210ECC2BF5959600854A3C /* Info.plist */ = {isa = PBXFileReference; lastKnownFileType = text.plist.xml; path = Info.plist; sourceTree = "<group>"; };
		B5210EDE2BF5963500854A3C /* Data-Otter-WatchOS-Watch-App-Info.plist */ = {isa = PBXFileReference; lastKnownFileType = text.plist; path = "Data-Otter-WatchOS-Watch-App-Info.plist"; sourceTree = SOURCE_ROOT; };
		B555328F2C17A3AD000EEEC5 /* Data Otter.entitlements */ = {isa = PBXFileReference; lastKnownFileType = text.plist.entitlements; path = "Data Otter.entitlements"; sourceTree = "<group>"; };
		B5745BA92BF506910049B304 /* DataOtterGuageWidgetView.swift */ = {isa = PBXFileReference; lastKnownFileType = sourcecode.swift; path = DataOtterGuageWidgetView.swift; sourceTree = "<group>"; };
		B5745BAF2BF5319F0049B304 /* Data Otter iOS Widget GraphExtension.appex */ = {isa = PBXFileReference; explicitFileType = "wrapper.app-extension"; includeInIndex = 0; path = "Data Otter iOS Widget GraphExtension.appex"; sourceTree = BUILT_PRODUCTS_DIR; };
		B5745BB32BF5319F0049B304 /* Data_Otter_iOS_Widget_GraphBundle.swift */ = {isa = PBXFileReference; lastKnownFileType = sourcecode.swift; path = Data_Otter_iOS_Widget_GraphBundle.swift; sourceTree = "<group>"; };
		B5745BB52BF5319F0049B304 /* Data_Otter_iOS_Widget_Graph.swift */ = {isa = PBXFileReference; lastKnownFileType = sourcecode.swift; path = Data_Otter_iOS_Widget_Graph.swift; sourceTree = "<group>"; };
		B5745BB72BF5319F0049B304 /* AppIntent.swift */ = {isa = PBXFileReference; lastKnownFileType = sourcecode.swift; path = AppIntent.swift; sourceTree = "<group>"; };
		B5745BB92BF531A20049B304 /* Assets.xcassets */ = {isa = PBXFileReference; lastKnownFileType = folder.assetcatalog; path = Assets.xcassets; sourceTree = "<group>"; };
		B5745BBB2BF531A20049B304 /* Info.plist */ = {isa = PBXFileReference; lastKnownFileType = text.plist.xml; path = Info.plist; sourceTree = "<group>"; };
		B5745BCB2BF57E390049B304 /* Data-Otter-Info.plist */ = {isa = PBXFileReference; lastKnownFileType = text.plist; path = "Data-Otter-Info.plist"; sourceTree = SOURCE_ROOT; };
		B586C9BF2BF18230009A564A /* Monitor.swift */ = {isa = PBXFileReference; lastKnownFileType = sourcecode.swift; path = Monitor.swift; sourceTree = "<group>"; };
		B586C9C42BF1948A009A564A /* Monitors Service.swift */ = {isa = PBXFileReference; lastKnownFileType = sourcecode.swift; name = "Monitors Service.swift"; path = "services/Monitors Service.swift"; sourceTree = "<group>"; };
		B586C9CD2BF25577009A564A /* Data Otter.app */ = {isa = PBXFileReference; explicitFileType = wrapper.application; includeInIndex = 0; path = "Data Otter.app"; sourceTree = BUILT_PRODUCTS_DIR; };
		B586C9CF2BF25577009A564A /* Data_OtterApp.swift */ = {isa = PBXFileReference; lastKnownFileType = sourcecode.swift; path = Data_OtterApp.swift; sourceTree = "<group>"; };
		B586C9D12BF25577009A564A /* ContentView.swift */ = {isa = PBXFileReference; lastKnownFileType = sourcecode.swift; path = ContentView.swift; sourceTree = "<group>"; };
		B586C9D32BF25579009A564A /* Assets.xcassets */ = {isa = PBXFileReference; lastKnownFileType = folder.assetcatalog; path = Assets.xcassets; sourceTree = "<group>"; };
		B586C9D62BF25579009A564A /* Preview Assets.xcassets */ = {isa = PBXFileReference; lastKnownFileType = folder.assetcatalog; path = "Preview Assets.xcassets"; sourceTree = "<group>"; };
		B586C9DC2BF25685009A564A /* MonitorGeneralView.swift */ = {isa = PBXFileReference; lastKnownFileType = sourcecode.swift; path = MonitorGeneralView.swift; sourceTree = "<group>"; };
		B586C9E02BF256EF009A564A /* EventsListView.swift */ = {isa = PBXFileReference; lastKnownFileType = sourcecode.swift; path = EventsListView.swift; sourceTree = "<group>"; };
		B586C9E22BF25ABE009A564A /* MonitorListView.swift */ = {isa = PBXFileReference; lastKnownFileType = sourcecode.swift; path = MonitorListView.swift; sourceTree = "<group>"; };
		B586C9E42BF25C2C009A564A /* MonitorDetailView.swift */ = {isa = PBXFileReference; lastKnownFileType = sourcecode.swift; path = MonitorDetailView.swift; sourceTree = "<group>"; };
		B586C9E62BF2AF92009A564A /* MonitorData.swift */ = {isa = PBXFileReference; lastKnownFileType = sourcecode.swift; path = MonitorData.swift; sourceTree = "<group>"; };
		B586C9E82BF2B3D3009A564A /* MonitorCreationResult.swift */ = {isa = PBXFileReference; lastKnownFileType = sourcecode.swift; path = MonitorCreationResult.swift; sourceTree = "<group>"; };
		B586C9EB2BF3A6EB009A564A /* HistoryGraphView.swift */ = {isa = PBXFileReference; lastKnownFileType = sourcecode.swift; path = HistoryGraphView.swift; sourceTree = "<group>"; };
		B586C9ED2BF3BB04009A564A /* AddMonitorView.swift */ = {isa = PBXFileReference; lastKnownFileType = sourcecode.swift; path = AddMonitorView.swift; sourceTree = "<group>"; };
		B586C9F32BF3DB8B009A564A /* Data Otter iOS WidgetExtension.appex */ = {isa = PBXFileReference; explicitFileType = "wrapper.app-extension"; includeInIndex = 0; path = "Data Otter iOS WidgetExtension.appex"; sourceTree = BUILT_PRODUCTS_DIR; };
		B586C9F72BF3DB8B009A564A /* Data_Otter_iOS_WidgetBundle.swift */ = {isa = PBXFileReference; lastKnownFileType = sourcecode.swift; path = Data_Otter_iOS_WidgetBundle.swift; sourceTree = "<group>"; };
		B586C9F92BF3DB8B009A564A /* Data_Otter_iOS_Widget.swift */ = {isa = PBXFileReference; lastKnownFileType = sourcecode.swift; path = Data_Otter_iOS_Widget.swift; sourceTree = "<group>"; };
		B586C9FB2BF3DB8B009A564A /* AppIntent.swift */ = {isa = PBXFileReference; lastKnownFileType = sourcecode.swift; path = AppIntent.swift; sourceTree = "<group>"; };
		B586C9FD2BF3DB8E009A564A /* Assets.xcassets */ = {isa = PBXFileReference; lastKnownFileType = folder.assetcatalog; path = Assets.xcassets; sourceTree = "<group>"; };
		B586C9FF2BF3DB8F009A564A /* Info.plist */ = {isa = PBXFileReference; lastKnownFileType = text.plist.xml; path = Info.plist; sourceTree = "<group>"; };
		B586CA0C2BF3E5C5009A564A /* EventsView.swift */ = {isa = PBXFileReference; lastKnownFileType = sourcecode.swift; path = EventsView.swift; sourceTree = "<group>"; };
		B586CA0F2BF3FEDA009A564A /* EventDetailView.swift */ = {isa = PBXFileReference; lastKnownFileType = sourcecode.swift; path = EventDetailView.swift; sourceTree = "<group>"; };
		B59747532A41DC2800A5DA4C /* WidgetKit.framework */ = {isa = PBXFileReference; lastKnownFileType = wrapper.framework; name = WidgetKit.framework; path = System/Library/Frameworks/WidgetKit.framework; sourceTree = SDKROOT; };
		B59747552A41DC2800A5DA4C /* SwiftUI.framework */ = {isa = PBXFileReference; lastKnownFileType = wrapper.framework; name = SwiftUI.framework; path = System/Library/Frameworks/SwiftUI.framework; sourceTree = SDKROOT; };
		B5CB0B282C2C68FB001D202C /* MonitorListSkeleton.swift */ = {isa = PBXFileReference; lastKnownFileType = sourcecode.swift; path = MonitorListSkeleton.swift; sourceTree = "<group>"; };
		B5FB16912BF685BD00BA9447 /* StatusListView.swift */ = {isa = PBXFileReference; lastKnownFileType = sourcecode.swift; path = StatusListView.swift; sourceTree = "<group>"; };
/* End PBXFileReference section */

/* Begin PBXFrameworksBuildPhase section */
		B5210EA92BF5950B00854A3C /* Frameworks */ = {
			isa = PBXFrameworksBuildPhase;
			buildActionMask = 2147483647;
			files = (
			);
			runOnlyForDeploymentPostprocessing = 0;
		};
		B5210EBF2BF5959400854A3C /* Frameworks */ = {
			isa = PBXFrameworksBuildPhase;
			buildActionMask = 2147483647;
			files = (
				B5210EC42BF5959400854A3C /* SwiftUI.framework in Frameworks */,
				B5210EC32BF5959400854A3C /* WidgetKit.framework in Frameworks */,
			);
			runOnlyForDeploymentPostprocessing = 0;
		};
		B5745BAC2BF5319F0049B304 /* Frameworks */ = {
			isa = PBXFrameworksBuildPhase;
			buildActionMask = 2147483647;
			files = (
				B5745BB12BF5319F0049B304 /* SwiftUI.framework in Frameworks */,
				B5745BB02BF5319F0049B304 /* WidgetKit.framework in Frameworks */,
			);
			runOnlyForDeploymentPostprocessing = 0;
		};
		B586C9CA2BF25577009A564A /* Frameworks */ = {
			isa = PBXFrameworksBuildPhase;
			buildActionMask = 2147483647;
			files = (
			);
			runOnlyForDeploymentPostprocessing = 0;
		};
		B586C9F02BF3DB8B009A564A /* Frameworks */ = {
			isa = PBXFrameworksBuildPhase;
			buildActionMask = 2147483647;
			files = (
				B586C9F52BF3DB8B009A564A /* SwiftUI.framework in Frameworks */,
				B586C9F42BF3DB8B009A564A /* WidgetKit.framework in Frameworks */,
			);
			runOnlyForDeploymentPostprocessing = 0;
		};
/* End PBXFrameworksBuildPhase section */

/* Begin PBXGroup section */
		B509826C2BF6A8DE00F5A277 /* Models */ = {
			isa = PBXGroup;
			children = (
				B509826D2BF6A8FF00F5A277 /* MonitorsModel.swift */,
			);
			path = Models;
			sourceTree = "<group>";
		};
		B51ECC8D2C66B2B300B15BC7 /* Application */ = {
			isa = PBXGroup;
			children = (
				B51ECC942C66B39700B15BC7 /* ApplicationGeneralView.swift */,
				B51ECC9A2C66B67100B15BC7 /* NoApplicationsFoundView.swift */,
				B51ECC9C2C66B68200B15BC7 /* ApplicationListView.swift */,
				B51ECC9E2C66B69B00B15BC7 /* ApplicationListSkeletonView.swift */,
				B51ECCA02C66B6B700B15BC7 /* ApplicationCreateView.swift */,
			);
			path = Application;
			sourceTree = "<group>";
		};
		B5210EAD2BF5950B00854A3C /* Data Otter WatchOS Watch App */ = {
			isa = PBXGroup;
			children = (
				B5210EDE2BF5963500854A3C /* Data-Otter-WatchOS-Watch-App-Info.plist */,
				B5210EAE2BF5950B00854A3C /* Data_Otter_WatchOSApp.swift */,
				B5210EB02BF5950B00854A3C /* ContentView.swift */,
				B5210EB22BF5950D00854A3C /* Assets.xcassets */,
				B5210EB42BF5950D00854A3C /* Preview Content */,
			);
			path = "Data Otter WatchOS Watch App";
			sourceTree = "<group>";
		};
		B5210EB42BF5950D00854A3C /* Preview Content */ = {
			isa = PBXGroup;
			children = (
				B5210EB52BF5950D00854A3C /* Preview Assets.xcassets */,
			);
			path = "Preview Content";
			sourceTree = "<group>";
		};
		B5210EC52BF5959400854A3C /* Data Otter WatchOS Widget */ = {
			isa = PBXGroup;
			children = (
				B5210EC62BF5959400854A3C /* Data_Otter_WatchOS_Widget.swift */,
				B5210EC82BF5959400854A3C /* AppIntent.swift */,
				B5210ECA2BF5959600854A3C /* Assets.xcassets */,
				B5210ECC2BF5959600854A3C /* Info.plist */,
			);
			path = "Data Otter WatchOS Widget";
			sourceTree = "<group>";
		};
		B5745BB22BF5319F0049B304 /* Data Otter iOS Widget Graph */ = {
			isa = PBXGroup;
			children = (
				B5745BB32BF5319F0049B304 /* Data_Otter_iOS_Widget_GraphBundle.swift */,
				B5745BB52BF5319F0049B304 /* Data_Otter_iOS_Widget_Graph.swift */,
				B5745BB72BF5319F0049B304 /* AppIntent.swift */,
				B5745BB92BF531A20049B304 /* Assets.xcassets */,
				B5745BBB2BF531A20049B304 /* Info.plist */,
			);
			path = "Data Otter iOS Widget Graph";
			sourceTree = "<group>";
		};
		B586C9CE2BF25577009A564A /* Data Otter */ = {
			isa = PBXGroup;
			children = (
				B555328F2C17A3AD000EEEC5 /* Data Otter.entitlements */,
				B5745BCB2BF57E390049B304 /* Data-Otter-Info.plist */,
				B509826C2BF6A8DE00F5A277 /* Models */,
				B586C9DB2BF2566A009A564A /* Views */,
				B586C9CF2BF25577009A564A /* Data_OtterApp.swift */,
				B586C9D12BF25577009A564A /* ContentView.swift */,
				B586C9D32BF25579009A564A /* Assets.xcassets */,
				B586C9D52BF25579009A564A /* Preview Content */,
			);
			path = "Data Otter";
			sourceTree = "<group>";
		};
		B586C9D52BF25579009A564A /* Preview Content */ = {
			isa = PBXGroup;
			children = (
				B586C9D62BF25579009A564A /* Preview Assets.xcassets */,
			);
			path = "Preview Content";
			sourceTree = "<group>";
		};
		B586C9DB2BF2566A009A564A /* Views */ = {
			isa = PBXGroup;
			children = (
				B51ECC8D2C66B2B300B15BC7 /* Application */,
				B586D8CE2BF7FB7000E10E7A /* Monitor */,
				B586CA0E2BF3FEB4009A564A /* Event */,
			);
			path = Views;
			sourceTree = "<group>";
		};
		B586C9EA2BF3A6D7009A564A /* views */ = {
			isa = PBXGroup;
			children = (
				B586C9EB2BF3A6EB009A564A /* HistoryGraphView.swift */,
			);
			path = views;
			sourceTree = "<group>";
		};
		B586C9F62BF3DB8B009A564A /* Data Otter iOS Widget */ = {
			isa = PBXGroup;
			children = (
				B5745BA92BF506910049B304 /* DataOtterGuageWidgetView.swift */,
				B586C9F72BF3DB8B009A564A /* Data_Otter_iOS_WidgetBundle.swift */,
				B586C9F92BF3DB8B009A564A /* Data_Otter_iOS_Widget.swift */,
				B586C9FB2BF3DB8B009A564A /* AppIntent.swift */,
				B586C9FD2BF3DB8E009A564A /* Assets.xcassets */,
				B586C9FF2BF3DB8F009A564A /* Info.plist */,
			);
			path = "Data Otter iOS Widget";
			sourceTree = "<group>";
		};
		B586CA0E2BF3FEB4009A564A /* Event */ = {
			isa = PBXGroup;
			children = (
				B586CA0C2BF3E5C5009A564A /* EventsView.swift */,
				B586C9E02BF256EF009A564A /* EventsListView.swift */,
				B586CA0F2BF3FEDA009A564A /* EventDetailView.swift */,
			);
			path = Event;
			sourceTree = "<group>";
		};
		B586D8CE2BF7FB7000E10E7A /* Monitor */ = {
			isa = PBXGroup;
			children = (
				B586C9DC2BF25685009A564A /* MonitorGeneralView.swift */,
				B586C9E22BF25ABE009A564A /* MonitorListView.swift */,
				B5CB0B282C2C68FB001D202C /* MonitorListSkeleton.swift */,
				B586C9E42BF25C2C009A564A /* MonitorDetailView.swift */,
				B586C9ED2BF3BB04009A564A /* AddMonitorView.swift */,
				B5FB16912BF685BD00BA9447 /* StatusListView.swift */,
			);
			path = Monitor;
			sourceTree = "<group>";
		};
		B59747332A41DBF600A5DA4C = {
			isa = PBXGroup;
			children = (
				B59D50272A4362C200207428 /* Shared */,
				B586C9CE2BF25577009A564A /* Data Otter */,
				B586C9F62BF3DB8B009A564A /* Data Otter iOS Widget */,
				B5745BB22BF5319F0049B304 /* Data Otter iOS Widget Graph */,
				B5210EAD2BF5950B00854A3C /* Data Otter WatchOS Watch App */,
				B5210EC52BF5959400854A3C /* Data Otter WatchOS Widget */,
				B59747522A41DC2800A5DA4C /* Frameworks */,
				B597473D2A41DBF600A5DA4C /* Products */,
			);
			sourceTree = "<group>";
		};
		B597473D2A41DBF600A5DA4C /* Products */ = {
			isa = PBXGroup;
			children = (
				B586C9CD2BF25577009A564A /* Data Otter.app */,
				B586C9F32BF3DB8B009A564A /* Data Otter iOS WidgetExtension.appex */,
				B5745BAF2BF5319F0049B304 /* Data Otter iOS Widget GraphExtension.appex */,
				B5210EAC2BF5950B00854A3C /* Data Otter WatchOS Watch App.app */,
				B5210EC22BF5959400854A3C /* Data Otter WatchOS WidgetExtension.appex */,
			);
			name = Products;
			sourceTree = "<group>";
		};
		B59747522A41DC2800A5DA4C /* Frameworks */ = {
			isa = PBXGroup;
			children = (
				B59747532A41DC2800A5DA4C /* WidgetKit.framework */,
				B59747552A41DC2800A5DA4C /* SwiftUI.framework */,
			);
			name = Frameworks;
			sourceTree = "<group>";
		};
		B59D50272A4362C200207428 /* Shared */ = {
			isa = PBXGroup;
			children = (
				B586C9EA2BF3A6D7009A564A /* views */,
				B5E196F32A43F27D0089518A /* data */,
				B586C9C42BF1948A009A564A /* Monitors Service.swift */,
			);
			path = Shared;
			sourceTree = "<group>";
		};
		B5E196F32A43F27D0089518A /* data */ = {
			isa = PBXGroup;
			children = (
				B586C9BF2BF18230009A564A /* Monitor.swift */,
				B586C9E62BF2AF92009A564A /* MonitorData.swift */,
				B586C9E82BF2B3D3009A564A /* MonitorCreationResult.swift */,
				B51ECC8E2C66B30800B15BC7 /* Monitor Service Data.swift */,
			);
			path = data;
			sourceTree = "<group>";
		};
/* End PBXGroup section */

/* Begin PBXNativeTarget section */
		B5210EAB2BF5950B00854A3C /* Data Otter WatchOS Watch App */ = {
			isa = PBXNativeTarget;
			buildConfigurationList = B5210EBA2BF5950D00854A3C /* Build configuration list for PBXNativeTarget "Data Otter WatchOS Watch App" */;
			buildPhases = (
				B5210EA82BF5950B00854A3C /* Sources */,
				B5210EA92BF5950B00854A3C /* Frameworks */,
				B5210EAA2BF5950B00854A3C /* Resources */,
				B5210ED32BF5959600854A3C /* Embed Foundation Extensions */,
			);
			buildRules = (
			);
			dependencies = (
				B5210ECE2BF5959600854A3C /* PBXTargetDependency */,
			);
			name = "Data Otter WatchOS Watch App";
			productName = "Data Otter WatchOS Watch App";
			productReference = B5210EAC2BF5950B00854A3C /* Data Otter WatchOS Watch App.app */;
			productType = "com.apple.product-type.application";
		};
		B5210EC12BF5959400854A3C /* Data Otter WatchOS WidgetExtension */ = {
			isa = PBXNativeTarget;
			buildConfigurationList = B5210ED02BF5959600854A3C /* Build configuration list for PBXNativeTarget "Data Otter WatchOS WidgetExtension" */;
			buildPhases = (
				B5210EBE2BF5959400854A3C /* Sources */,
				B5210EBF2BF5959400854A3C /* Frameworks */,
				B5210EC02BF5959400854A3C /* Resources */,
			);
			buildRules = (
			);
			dependencies = (
			);
			name = "Data Otter WatchOS WidgetExtension";
			productName = "Data Otter WatchOS WidgetExtension";
			productReference = B5210EC22BF5959400854A3C /* Data Otter WatchOS WidgetExtension.appex */;
			productType = "com.apple.product-type.app-extension";
		};
		B5745BAE2BF5319F0049B304 /* Data Otter iOS Widget GraphExtension */ = {
			isa = PBXNativeTarget;
			buildConfigurationList = B5745BBF2BF531A20049B304 /* Build configuration list for PBXNativeTarget "Data Otter iOS Widget GraphExtension" */;
			buildPhases = (
				B5745BAB2BF5319F0049B304 /* Sources */,
				B5745BAC2BF5319F0049B304 /* Frameworks */,
				B5745BAD2BF5319F0049B304 /* Resources */,
			);
			buildRules = (
			);
			dependencies = (
			);
			name = "Data Otter iOS Widget GraphExtension";
			productName = "Data Otter iOS Widget GraphExtension";
			productReference = B5745BAF2BF5319F0049B304 /* Data Otter iOS Widget GraphExtension.appex */;
			productType = "com.apple.product-type.app-extension";
		};
		B586C9CC2BF25577009A564A /* Data Otter */ = {
			isa = PBXNativeTarget;
			buildConfigurationList = B586C9D82BF25579009A564A /* Build configuration list for PBXNativeTarget "Data Otter" */;
			buildPhases = (
				B586C9C92BF25577009A564A /* Sources */,
				B586C9CA2BF25577009A564A /* Frameworks */,
				B586C9CB2BF25577009A564A /* Resources */,
				B586CA062BF3DB8F009A564A /* Embed Foundation Extensions */,
				B5210EBD2BF5950D00854A3C /* Embed Watch Content */,
			);
			buildRules = (
			);
			dependencies = (
				B586CA012BF3DB8F009A564A /* PBXTargetDependency */,
				B5745BBD2BF531A20049B304 /* PBXTargetDependency */,
				B5210EB82BF5950D00854A3C /* PBXTargetDependency */,
			);
			name = "Data Otter";
			productName = "Data Otter";
			productReference = B586C9CD2BF25577009A564A /* Data Otter.app */;
			productType = "com.apple.product-type.application";
		};
		B586C9F22BF3DB8B009A564A /* Data Otter iOS WidgetExtension */ = {
			isa = PBXNativeTarget;
			buildConfigurationList = B586CA032BF3DB8F009A564A /* Build configuration list for PBXNativeTarget "Data Otter iOS WidgetExtension" */;
			buildPhases = (
				B586C9EF2BF3DB8B009A564A /* Sources */,
				B586C9F02BF3DB8B009A564A /* Frameworks */,
				B586C9F12BF3DB8B009A564A /* Resources */,
			);
			buildRules = (
			);
			dependencies = (
			);
			name = "Data Otter iOS WidgetExtension";
			productName = "Data Otter iOS WidgetExtension";
			productReference = B586C9F32BF3DB8B009A564A /* Data Otter iOS WidgetExtension.appex */;
			productType = "com.apple.product-type.app-extension";
		};
/* End PBXNativeTarget section */

/* Begin PBXProject section */
		B59747342A41DBF600A5DA4C /* Project object */ = {
			isa = PBXProject;
			attributes = {
				BuildIndependentTargetsInParallel = 1;
				LastSwiftUpdateCheck = 1530;
				LastUpgradeCheck = 1530;
				TargetAttributes = {
					B5210EAB2BF5950B00854A3C = {
						CreatedOnToolsVersion = 15.3;
					};
					B5210EC12BF5959400854A3C = {
						CreatedOnToolsVersion = 15.3;
					};
					B5745BAE2BF5319F0049B304 = {
						CreatedOnToolsVersion = 15.3;
					};
					B586C9CC2BF25577009A564A = {
						CreatedOnToolsVersion = 15.3;
					};
					B586C9F22BF3DB8B009A564A = {
						CreatedOnToolsVersion = 15.3;
					};
				};
			};
			buildConfigurationList = B59747372A41DBF600A5DA4C /* Build configuration list for PBXProject "Monitors" */;
			compatibilityVersion = "Xcode 14.0";
			developmentRegion = en;
			hasScannedForEncodings = 0;
			knownRegions = (
				en,
				Base,
			);
			mainGroup = B59747332A41DBF600A5DA4C;
			productRefGroup = B597473D2A41DBF600A5DA4C /* Products */;
			projectDirPath = "";
			projectRoot = "";
			targets = (
				B586C9CC2BF25577009A564A /* Data Otter */,
				B586C9F22BF3DB8B009A564A /* Data Otter iOS WidgetExtension */,
				B5745BAE2BF5319F0049B304 /* Data Otter iOS Widget GraphExtension */,
				B5210EAB2BF5950B00854A3C /* Data Otter WatchOS Watch App */,
				B5210EC12BF5959400854A3C /* Data Otter WatchOS WidgetExtension */,
			);
		};
/* End PBXProject section */

/* Begin PBXResourcesBuildPhase section */
		B5210EAA2BF5950B00854A3C /* Resources */ = {
			isa = PBXResourcesBuildPhase;
			buildActionMask = 2147483647;
			files = (
				B5210EB62BF5950D00854A3C /* Preview Assets.xcassets in Resources */,
				B5210EB32BF5950D00854A3C /* Assets.xcassets in Resources */,
			);
			runOnlyForDeploymentPostprocessing = 0;
		};
		B5210EC02BF5959400854A3C /* Resources */ = {
			isa = PBXResourcesBuildPhase;
			buildActionMask = 2147483647;
			files = (
				B5210ECB2BF5959600854A3C /* Assets.xcassets in Resources */,
			);
			runOnlyForDeploymentPostprocessing = 0;
		};
		B5745BAD2BF5319F0049B304 /* Resources */ = {
			isa = PBXResourcesBuildPhase;
			buildActionMask = 2147483647;
			files = (
				B5745BBA2BF531A20049B304 /* Assets.xcassets in Resources */,
			);
			runOnlyForDeploymentPostprocessing = 0;
		};
		B586C9CB2BF25577009A564A /* Resources */ = {
			isa = PBXResourcesBuildPhase;
			buildActionMask = 2147483647;
			files = (
				B586C9D72BF25579009A564A /* Preview Assets.xcassets in Resources */,
				B586C9D42BF25579009A564A /* Assets.xcassets in Resources */,
			);
			runOnlyForDeploymentPostprocessing = 0;
		};
		B586C9F12BF3DB8B009A564A /* Resources */ = {
			isa = PBXResourcesBuildPhase;
			buildActionMask = 2147483647;
			files = (
				B586C9FE2BF3DB8E009A564A /* Assets.xcassets in Resources */,
			);
			runOnlyForDeploymentPostprocessing = 0;
		};
/* End PBXResourcesBuildPhase section */

/* Begin PBXSourcesBuildPhase section */
		B5210EA82BF5950B00854A3C /* Sources */ = {
			isa = PBXSourcesBuildPhase;
			buildActionMask = 2147483647;
			files = (
				B51ECC922C66B30800B15BC7 /* Monitor Service Data.swift in Sources */,
				B5210EDA2BF595F500854A3C /* MonitorCreationResult.swift in Sources */,
				B5210EB12BF5950B00854A3C /* ContentView.swift in Sources */,
				B5210ED42BF595EA00854A3C /* HistoryGraphView.swift in Sources */,
				B5210ED62BF595EE00854A3C /* Monitor.swift in Sources */,
				B5210EDC2BF595F900854A3C /* Monitors Service.swift in Sources */,
				B5210ED82BF595F200854A3C /* MonitorData.swift in Sources */,
				B5210EAF2BF5950B00854A3C /* Data_Otter_WatchOSApp.swift in Sources */,
			);
			runOnlyForDeploymentPostprocessing = 0;
		};
		B5210EBE2BF5959400854A3C /* Sources */ = {
			isa = PBXSourcesBuildPhase;
			buildActionMask = 2147483647;
			files = (
				B51ECC932C66B30800B15BC7 /* Monitor Service Data.swift in Sources */,
				B5210EDB2BF595F600854A3C /* MonitorCreationResult.swift in Sources */,
				B5210EC72BF5959400854A3C /* Data_Otter_WatchOS_Widget.swift in Sources */,
				B5210ED52BF595EB00854A3C /* HistoryGraphView.swift in Sources */,
				B5210ED72BF595EE00854A3C /* Monitor.swift in Sources */,
				B5210EDD2BF595F900854A3C /* Monitors Service.swift in Sources */,
				B5210ED92BF595F200854A3C /* MonitorData.swift in Sources */,
				B5210EC92BF5959400854A3C /* AppIntent.swift in Sources */,
			);
			runOnlyForDeploymentPostprocessing = 0;
		};
		B5745BAB2BF5319F0049B304 /* Sources */ = {
			isa = PBXSourcesBuildPhase;
			buildActionMask = 2147483647;
			files = (
				B5745BB42BF5319F0049B304 /* Data_Otter_iOS_Widget_GraphBundle.swift in Sources */,
				B5745BB62BF5319F0049B304 /* Data_Otter_iOS_Widget_Graph.swift in Sources */,
				B5745BCA2BF577810049B304 /* MonitorCreationResult.swift in Sources */,
				B5745BC22BF535EF0049B304 /* Monitor.swift in Sources */,
				B5745BC52BF571260049B304 /* MonitorData.swift in Sources */,
				B5745BC72BF575340049B304 /* Monitors Service.swift in Sources */,
				B51ECC912C66B30800B15BC7 /* Monitor Service Data.swift in Sources */,
				B5745BC62BF574090049B304 /* HistoryGraphView.swift in Sources */,
				B5745BB82BF5319F0049B304 /* AppIntent.swift in Sources */,
			);
			runOnlyForDeploymentPostprocessing = 0;
		};
		B586C9C92BF25577009A564A /* Sources */ = {
			isa = PBXSourcesBuildPhase;
			buildActionMask = 2147483647;
			files = (
				B586CA0D2BF3E5C5009A564A /* EventsView.swift in Sources */,
				B5FB16922BF685BD00BA9447 /* StatusListView.swift in Sources */,
				B586C9EC2BF3A6EB009A564A /* HistoryGraphView.swift in Sources */,
				B586C9E52BF25C2C009A564A /* MonitorDetailView.swift in Sources */,
				B51ECC952C66B39700B15BC7 /* ApplicationGeneralView.swift in Sources */,
				B586C9E72BF2AF92009A564A /* MonitorData.swift in Sources */,
				B586C9EE2BF3BB04009A564A /* AddMonitorView.swift in Sources */,
				B5CB0B292C2C68FB001D202C /* MonitorListSkeleton.swift in Sources */,
				B586C9DF2BF2569D009A564A /* Monitors Service.swift in Sources */,
				B51ECC9F2C66B69B00B15BC7 /* ApplicationListSkeletonView.swift in Sources */,
				B586CA102BF3FEDA009A564A /* EventDetailView.swift in Sources */,
				B586C9E12BF256EF009A564A /* EventsListView.swift in Sources */,
				B51ECC8F2C66B30800B15BC7 /* Monitor Service Data.swift in Sources */,
				B586C9E92BF2B3D3009A564A /* MonitorCreationResult.swift in Sources */,
				B509826E2BF6A8FF00F5A277 /* MonitorsModel.swift in Sources */,
				B586C9DD2BF25685009A564A /* MonitorGeneralView.swift in Sources */,
				B51ECCA12C66B6B700B15BC7 /* ApplicationCreateView.swift in Sources */,
				B586C9D22BF25577009A564A /* ContentView.swift in Sources */,
				B51ECC9D2C66B68200B15BC7 /* ApplicationListView.swift in Sources */,
				B51ECC9B2C66B67100B15BC7 /* NoApplicationsFoundView.swift in Sources */,
				B586C9E32BF25ABE009A564A /* MonitorListView.swift in Sources */,
				B586C9DE2BF2569A009A564A /* Monitor.swift in Sources */,
				B586C9D02BF25577009A564A /* Data_OtterApp.swift in Sources */,
			);
			runOnlyForDeploymentPostprocessing = 0;
		};
		B586C9EF2BF3DB8B009A564A /* Sources */ = {
			isa = PBXSourcesBuildPhase;
			buildActionMask = 2147483647;
			files = (
				B586CA072BF3DBA2009A564A /* Monitors Service.swift in Sources */,
				B586C9FA2BF3DB8B009A564A /* Data_Otter_iOS_Widget.swift in Sources */,
				B51ECC902C66B30800B15BC7 /* Monitor Service Data.swift in Sources */,
				B586CA0B2BF3DC49009A564A /* MonitorCreationResult.swift in Sources */,
				B586C9F82BF3DB8B009A564A /* Data_Otter_iOS_WidgetBundle.swift in Sources */,
				B586CA0A2BF3DC36009A564A /* MonitorData.swift in Sources */,
				B586CA082BF3DBAB009A564A /* Monitor.swift in Sources */,
				B5745BAA2BF506910049B304 /* DataOtterGuageWidgetView.swift in Sources */,
				B586CA092BF3DBB0009A564A /* HistoryGraphView.swift in Sources */,
				B586C9FC2BF3DB8B009A564A /* AppIntent.swift in Sources */,
			);
			runOnlyForDeploymentPostprocessing = 0;
		};
/* End PBXSourcesBuildPhase section */

/* Begin PBXTargetDependency section */
		B5210EB82BF5950D00854A3C /* PBXTargetDependency */ = {
			isa = PBXTargetDependency;
			target = B5210EAB2BF5950B00854A3C /* Data Otter WatchOS Watch App */;
			targetProxy = B5210EB72BF5950D00854A3C /* PBXContainerItemProxy */;
		};
		B5210ECE2BF5959600854A3C /* PBXTargetDependency */ = {
			isa = PBXTargetDependency;
			target = B5210EC12BF5959400854A3C /* Data Otter WatchOS WidgetExtension */;
			targetProxy = B5210ECD2BF5959600854A3C /* PBXContainerItemProxy */;
		};
		B5745BBD2BF531A20049B304 /* PBXTargetDependency */ = {
			isa = PBXTargetDependency;
			target = B5745BAE2BF5319F0049B304 /* Data Otter iOS Widget GraphExtension */;
			targetProxy = B5745BBC2BF531A20049B304 /* PBXContainerItemProxy */;
		};
		B586CA012BF3DB8F009A564A /* PBXTargetDependency */ = {
			isa = PBXTargetDependency;
			target = B586C9F22BF3DB8B009A564A /* Data Otter iOS WidgetExtension */;
			targetProxy = B586CA002BF3DB8F009A564A /* PBXContainerItemProxy */;
		};
/* End PBXTargetDependency section */

/* Begin XCBuildConfiguration section */
		B5210EBB2BF5950D00854A3C /* Debug */ = {
			isa = XCBuildConfiguration;
			buildSettings = {
				ALWAYS_EMBED_SWIFT_STANDARD_LIBRARIES = YES;
				ASSETCATALOG_COMPILER_APPICON_NAME = AppIcon;
				ASSETCATALOG_COMPILER_GLOBAL_ACCENT_COLOR_NAME = AccentColor;
				CODE_SIGN_STYLE = Automatic;
				CURRENT_PROJECT_VERSION = 1;
				DEVELOPMENT_ASSET_PATHS = "\"Data Otter WatchOS Watch App/Preview Content\"";
				DEVELOPMENT_TEAM = 6M38R97L4D;
				ENABLE_PREVIEWS = YES;
				ENABLE_USER_SCRIPT_SANDBOXING = YES;
				GCC_C_LANGUAGE_STANDARD = gnu17;
				GENERATE_INFOPLIST_FILE = YES;
				INFOPLIST_FILE = "Data-Otter-WatchOS-Watch-App-Info.plist";
				INFOPLIST_KEY_CFBundleDisplayName = "Data Otter WatchOS";
				INFOPLIST_KEY_UISupportedInterfaceOrientations = "UIInterfaceOrientationPortrait UIInterfaceOrientationPortraitUpsideDown";
				INFOPLIST_KEY_WKCompanionAppBundleIdentifier = "zgamelogic.Data-Otter";
				LD_RUNPATH_SEARCH_PATHS = (
					"$(inherited)",
					"@executable_path/Frameworks",
				);
				LOCALIZATION_PREFERS_STRING_CATALOGS = YES;
				MARKETING_VERSION = 1.0;
				PRODUCT_BUNDLE_IDENTIFIER = "zgamelogic.Data-Otter.watchkitapp";
				PRODUCT_NAME = "$(TARGET_NAME)";
				SDKROOT = watchos;
				SKIP_INSTALL = YES;
				SWIFT_ACTIVE_COMPILATION_CONDITIONS = "DEBUG $(inherited)";
				SWIFT_EMIT_LOC_STRINGS = YES;
				SWIFT_VERSION = 5.0;
				TARGETED_DEVICE_FAMILY = 4;
				WATCHOS_DEPLOYMENT_TARGET = 10.4;
			};
			name = Debug;
		};
		B5210EBC2BF5950D00854A3C /* Release */ = {
			isa = XCBuildConfiguration;
			buildSettings = {
				ALWAYS_EMBED_SWIFT_STANDARD_LIBRARIES = YES;
				ASSETCATALOG_COMPILER_APPICON_NAME = AppIcon;
				ASSETCATALOG_COMPILER_GLOBAL_ACCENT_COLOR_NAME = AccentColor;
				CODE_SIGN_STYLE = Automatic;
				CURRENT_PROJECT_VERSION = 1;
				DEVELOPMENT_ASSET_PATHS = "\"Data Otter WatchOS Watch App/Preview Content\"";
				DEVELOPMENT_TEAM = 6M38R97L4D;
				ENABLE_PREVIEWS = YES;
				ENABLE_USER_SCRIPT_SANDBOXING = YES;
				GCC_C_LANGUAGE_STANDARD = gnu17;
				GENERATE_INFOPLIST_FILE = YES;
				INFOPLIST_FILE = "Data-Otter-WatchOS-Watch-App-Info.plist";
				INFOPLIST_KEY_CFBundleDisplayName = "Data Otter WatchOS";
				INFOPLIST_KEY_UISupportedInterfaceOrientations = "UIInterfaceOrientationPortrait UIInterfaceOrientationPortraitUpsideDown";
				INFOPLIST_KEY_WKCompanionAppBundleIdentifier = "zgamelogic.Data-Otter";
				LD_RUNPATH_SEARCH_PATHS = (
					"$(inherited)",
					"@executable_path/Frameworks",
				);
				LOCALIZATION_PREFERS_STRING_CATALOGS = YES;
				MARKETING_VERSION = 1.0;
				PRODUCT_BUNDLE_IDENTIFIER = "zgamelogic.Data-Otter.watchkitapp";
				PRODUCT_NAME = "$(TARGET_NAME)";
				SDKROOT = watchos;
				SKIP_INSTALL = YES;
				SWIFT_EMIT_LOC_STRINGS = YES;
				SWIFT_VERSION = 5.0;
				TARGETED_DEVICE_FAMILY = 4;
				WATCHOS_DEPLOYMENT_TARGET = 10.4;
			};
			name = Release;
		};
		B5210ED12BF5959600854A3C /* Debug */ = {
			isa = XCBuildConfiguration;
			buildSettings = {
				ASSETCATALOG_COMPILER_GLOBAL_ACCENT_COLOR_NAME = AccentColor;
				ASSETCATALOG_COMPILER_WIDGET_BACKGROUND_COLOR_NAME = WidgetBackground;
				CODE_SIGN_STYLE = Automatic;
				CURRENT_PROJECT_VERSION = 1;
				DEVELOPMENT_TEAM = 6M38R97L4D;
				ENABLE_USER_SCRIPT_SANDBOXING = YES;
				GCC_C_LANGUAGE_STANDARD = gnu17;
				GENERATE_INFOPLIST_FILE = YES;
				INFOPLIST_FILE = "Data Otter WatchOS Widget/Info.plist";
				INFOPLIST_KEY_CFBundleDisplayName = "Data Otter WatchOS Widget";
				INFOPLIST_KEY_NSHumanReadableCopyright = "";
				LD_RUNPATH_SEARCH_PATHS = (
					"$(inherited)",
					"@executable_path/Frameworks",
					"@executable_path/../../Frameworks",
					"@executable_path/../../../../Frameworks",
				);
				LOCALIZATION_PREFERS_STRING_CATALOGS = YES;
				MARKETING_VERSION = 1.0;
				PRODUCT_BUNDLE_IDENTIFIER = "zgamelogic.Data-Otter.watchkitapp.Data-Otter-WatchOS-Widget";
				PRODUCT_NAME = "$(TARGET_NAME)";
				SDKROOT = watchos;
				SKIP_INSTALL = YES;
				SWIFT_ACTIVE_COMPILATION_CONDITIONS = "DEBUG $(inherited)";
				SWIFT_EMIT_LOC_STRINGS = YES;
				SWIFT_VERSION = 5.0;
				TARGETED_DEVICE_FAMILY = 4;
				WATCHOS_DEPLOYMENT_TARGET = 10.4;
			};
			name = Debug;
		};
		B5210ED22BF5959600854A3C /* Release */ = {
			isa = XCBuildConfiguration;
			buildSettings = {
				ASSETCATALOG_COMPILER_GLOBAL_ACCENT_COLOR_NAME = AccentColor;
				ASSETCATALOG_COMPILER_WIDGET_BACKGROUND_COLOR_NAME = WidgetBackground;
				CODE_SIGN_STYLE = Automatic;
				CURRENT_PROJECT_VERSION = 1;
				DEVELOPMENT_TEAM = 6M38R97L4D;
				ENABLE_USER_SCRIPT_SANDBOXING = YES;
				GCC_C_LANGUAGE_STANDARD = gnu17;
				GENERATE_INFOPLIST_FILE = YES;
				INFOPLIST_FILE = "Data Otter WatchOS Widget/Info.plist";
				INFOPLIST_KEY_CFBundleDisplayName = "Data Otter WatchOS Widget";
				INFOPLIST_KEY_NSHumanReadableCopyright = "";
				LD_RUNPATH_SEARCH_PATHS = (
					"$(inherited)",
					"@executable_path/Frameworks",
					"@executable_path/../../Frameworks",
					"@executable_path/../../../../Frameworks",
				);
				LOCALIZATION_PREFERS_STRING_CATALOGS = YES;
				MARKETING_VERSION = 1.0;
				PRODUCT_BUNDLE_IDENTIFIER = "zgamelogic.Data-Otter.watchkitapp.Data-Otter-WatchOS-Widget";
				PRODUCT_NAME = "$(TARGET_NAME)";
				SDKROOT = watchos;
				SKIP_INSTALL = YES;
				SWIFT_EMIT_LOC_STRINGS = YES;
				SWIFT_VERSION = 5.0;
				TARGETED_DEVICE_FAMILY = 4;
				WATCHOS_DEPLOYMENT_TARGET = 10.4;
			};
			name = Release;
		};
		B5745BC02BF531A20049B304 /* Debug */ = {
			isa = XCBuildConfiguration;
			buildSettings = {
				ASSETCATALOG_COMPILER_GLOBAL_ACCENT_COLOR_NAME = AccentColor;
				ASSETCATALOG_COMPILER_WIDGET_BACKGROUND_COLOR_NAME = WidgetBackground;
				CODE_SIGN_STYLE = Automatic;
				CURRENT_PROJECT_VERSION = 1;
				DEVELOPMENT_TEAM = 6M38R97L4D;
				ENABLE_USER_SCRIPT_SANDBOXING = YES;
				GCC_C_LANGUAGE_STANDARD = gnu17;
				GENERATE_INFOPLIST_FILE = YES;
				INFOPLIST_FILE = "Data Otter iOS Widget Graph/Info.plist";
				INFOPLIST_KEY_CFBundleDisplayName = "Data Otter iOS Widget Graph";
				INFOPLIST_KEY_LSApplicationCategoryType = "";
				INFOPLIST_KEY_NSHumanReadableCopyright = "";
				IPHONEOS_DEPLOYMENT_TARGET = 17.4;
				LD_RUNPATH_SEARCH_PATHS = (
					"$(inherited)",
					"@executable_path/Frameworks",
					"@executable_path/../../Frameworks",
				);
				LOCALIZATION_PREFERS_STRING_CATALOGS = YES;
				MARKETING_VERSION = 1.0;
				PRODUCT_BUNDLE_IDENTIFIER = "zgamelogic.Data-Otter.Data-Otter-iOS-Widget-Graph";
				PRODUCT_NAME = "$(TARGET_NAME)";
				SKIP_INSTALL = YES;
				SWIFT_ACTIVE_COMPILATION_CONDITIONS = "DEBUG $(inherited)";
				SWIFT_EMIT_LOC_STRINGS = YES;
				SWIFT_VERSION = 5.0;
				TARGETED_DEVICE_FAMILY = "1,2";
			};
			name = Debug;
		};
		B5745BC12BF531A20049B304 /* Release */ = {
			isa = XCBuildConfiguration;
			buildSettings = {
				ASSETCATALOG_COMPILER_GLOBAL_ACCENT_COLOR_NAME = AccentColor;
				ASSETCATALOG_COMPILER_WIDGET_BACKGROUND_COLOR_NAME = WidgetBackground;
				CODE_SIGN_STYLE = Automatic;
				CURRENT_PROJECT_VERSION = 1;
				DEVELOPMENT_TEAM = 6M38R97L4D;
				ENABLE_USER_SCRIPT_SANDBOXING = YES;
				GCC_C_LANGUAGE_STANDARD = gnu17;
				GENERATE_INFOPLIST_FILE = YES;
				INFOPLIST_FILE = "Data Otter iOS Widget Graph/Info.plist";
				INFOPLIST_KEY_CFBundleDisplayName = "Data Otter iOS Widget Graph";
				INFOPLIST_KEY_LSApplicationCategoryType = "";
				INFOPLIST_KEY_NSHumanReadableCopyright = "";
				IPHONEOS_DEPLOYMENT_TARGET = 17.4;
				LD_RUNPATH_SEARCH_PATHS = (
					"$(inherited)",
					"@executable_path/Frameworks",
					"@executable_path/../../Frameworks",
				);
				LOCALIZATION_PREFERS_STRING_CATALOGS = YES;
				MARKETING_VERSION = 1.0;
				PRODUCT_BUNDLE_IDENTIFIER = "zgamelogic.Data-Otter.Data-Otter-iOS-Widget-Graph";
				PRODUCT_NAME = "$(TARGET_NAME)";
				SKIP_INSTALL = YES;
				SWIFT_EMIT_LOC_STRINGS = YES;
				SWIFT_VERSION = 5.0;
				TARGETED_DEVICE_FAMILY = "1,2";
			};
			name = Release;
		};
		B586C9D92BF25579009A564A /* Debug */ = {
			isa = XCBuildConfiguration;
			buildSettings = {
				ALWAYS_EMBED_SWIFT_STANDARD_LIBRARIES = YES;
				ASSETCATALOG_COMPILER_APPICON_NAME = AppIcon;
				ASSETCATALOG_COMPILER_GENERATE_SWIFT_ASSET_SYMBOL_EXTENSIONS = YES;
				ASSETCATALOG_COMPILER_GLOBAL_ACCENT_COLOR_NAME = AccentColor;
				CODE_SIGN_ENTITLEMENTS = "Data Otter/Data Otter.entitlements";
				CODE_SIGN_STYLE = Automatic;
				CURRENT_PROJECT_VERSION = 1;
				DEVELOPMENT_ASSET_PATHS = "\"Data Otter/Preview Content\"";
				DEVELOPMENT_TEAM = 6M38R97L4D;
				ENABLE_PREVIEWS = YES;
				ENABLE_USER_SCRIPT_SANDBOXING = YES;
				GCC_C_LANGUAGE_STANDARD = gnu17;
				GENERATE_INFOPLIST_FILE = YES;
				INFOPLIST_FILE = "Data-Otter-Info.plist";
				INFOPLIST_KEY_UIApplicationSceneManifest_Generation = YES;
				INFOPLIST_KEY_UIApplicationSupportsIndirectInputEvents = YES;
				INFOPLIST_KEY_UILaunchScreen_Generation = YES;
				INFOPLIST_KEY_UISupportedInterfaceOrientations_iPad = "UIInterfaceOrientationPortrait UIInterfaceOrientationPortraitUpsideDown UIInterfaceOrientationLandscapeLeft UIInterfaceOrientationLandscapeRight";
				INFOPLIST_KEY_UISupportedInterfaceOrientations_iPhone = "UIInterfaceOrientationPortrait UIInterfaceOrientationLandscapeLeft UIInterfaceOrientationLandscapeRight";
				IPHONEOS_DEPLOYMENT_TARGET = 17.4;
				LD_RUNPATH_SEARCH_PATHS = (
					"$(inherited)",
					"@executable_path/Frameworks",
				);
				LOCALIZATION_PREFERS_STRING_CATALOGS = YES;
				MARKETING_VERSION = 1.0;
				PRODUCT_BUNDLE_IDENTIFIER = "zgamelogic.Data-Otter";
				PRODUCT_NAME = "$(TARGET_NAME)";
				SWIFT_ACTIVE_COMPILATION_CONDITIONS = "DEBUG $(inherited)";
				SWIFT_EMIT_LOC_STRINGS = YES;
				SWIFT_VERSION = 5.0;
				TARGETED_DEVICE_FAMILY = "1,2";
			};
			name = Debug;
		};
		B586C9DA2BF25579009A564A /* Release */ = {
			isa = XCBuildConfiguration;
			buildSettings = {
				ALWAYS_EMBED_SWIFT_STANDARD_LIBRARIES = YES;
				ASSETCATALOG_COMPILER_APPICON_NAME = AppIcon;
				ASSETCATALOG_COMPILER_GENERATE_SWIFT_ASSET_SYMBOL_EXTENSIONS = YES;
				ASSETCATALOG_COMPILER_GLOBAL_ACCENT_COLOR_NAME = AccentColor;
				CODE_SIGN_ENTITLEMENTS = "Data Otter/Data Otter.entitlements";
				CODE_SIGN_STYLE = Automatic;
				CURRENT_PROJECT_VERSION = 1;
				DEVELOPMENT_ASSET_PATHS = "\"Data Otter/Preview Content\"";
				DEVELOPMENT_TEAM = 6M38R97L4D;
				ENABLE_PREVIEWS = YES;
				ENABLE_USER_SCRIPT_SANDBOXING = YES;
				GCC_C_LANGUAGE_STANDARD = gnu17;
				GENERATE_INFOPLIST_FILE = YES;
				INFOPLIST_FILE = "Data-Otter-Info.plist";
				INFOPLIST_KEY_UIApplicationSceneManifest_Generation = YES;
				INFOPLIST_KEY_UIApplicationSupportsIndirectInputEvents = YES;
				INFOPLIST_KEY_UILaunchScreen_Generation = YES;
				INFOPLIST_KEY_UISupportedInterfaceOrientations_iPad = "UIInterfaceOrientationPortrait UIInterfaceOrientationPortraitUpsideDown UIInterfaceOrientationLandscapeLeft UIInterfaceOrientationLandscapeRight";
				INFOPLIST_KEY_UISupportedInterfaceOrientations_iPhone = "UIInterfaceOrientationPortrait UIInterfaceOrientationLandscapeLeft UIInterfaceOrientationLandscapeRight";
				IPHONEOS_DEPLOYMENT_TARGET = 17.4;
				LD_RUNPATH_SEARCH_PATHS = (
					"$(inherited)",
					"@executable_path/Frameworks",
				);
				LOCALIZATION_PREFERS_STRING_CATALOGS = YES;
				MARKETING_VERSION = 1.0;
				PRODUCT_BUNDLE_IDENTIFIER = "zgamelogic.Data-Otter";
				PRODUCT_NAME = "$(TARGET_NAME)";
				SWIFT_EMIT_LOC_STRINGS = YES;
				SWIFT_VERSION = 5.0;
				TARGETED_DEVICE_FAMILY = "1,2";
			};
			name = Release;
		};
		B586CA042BF3DB8F009A564A /* Debug */ = {
			isa = XCBuildConfiguration;
			buildSettings = {
				ASSETCATALOG_COMPILER_GLOBAL_ACCENT_COLOR_NAME = AccentColor;
				ASSETCATALOG_COMPILER_WIDGET_BACKGROUND_COLOR_NAME = WidgetBackground;
				CODE_SIGN_STYLE = Automatic;
				CURRENT_PROJECT_VERSION = 1;
				DEVELOPMENT_TEAM = 6M38R97L4D;
				ENABLE_USER_SCRIPT_SANDBOXING = YES;
				GCC_C_LANGUAGE_STANDARD = gnu17;
				GENERATE_INFOPLIST_FILE = YES;
				INFOPLIST_FILE = "Data Otter iOS Widget/Info.plist";
				INFOPLIST_KEY_CFBundleDisplayName = "Data Otter iOS Widget";
				INFOPLIST_KEY_NSHumanReadableCopyright = "";
				IPHONEOS_DEPLOYMENT_TARGET = 17.4;
				LD_RUNPATH_SEARCH_PATHS = (
					"$(inherited)",
					"@executable_path/Frameworks",
					"@executable_path/../../Frameworks",
				);
				LOCALIZATION_PREFERS_STRING_CATALOGS = YES;
				MARKETING_VERSION = 1.0;
				PRODUCT_BUNDLE_IDENTIFIER = "zgamelogic.Data-Otter.Data-Otter-iOS-Widget";
				PRODUCT_NAME = "$(TARGET_NAME)";
				SKIP_INSTALL = YES;
				SWIFT_ACTIVE_COMPILATION_CONDITIONS = "DEBUG $(inherited)";
				SWIFT_EMIT_LOC_STRINGS = YES;
				SWIFT_VERSION = 5.0;
				TARGETED_DEVICE_FAMILY = "1,2";
			};
			name = Debug;
		};
		B586CA052BF3DB8F009A564A /* Release */ = {
			isa = XCBuildConfiguration;
			buildSettings = {
				ASSETCATALOG_COMPILER_GLOBAL_ACCENT_COLOR_NAME = AccentColor;
				ASSETCATALOG_COMPILER_WIDGET_BACKGROUND_COLOR_NAME = WidgetBackground;
				CODE_SIGN_STYLE = Automatic;
				CURRENT_PROJECT_VERSION = 1;
				DEVELOPMENT_TEAM = 6M38R97L4D;
				ENABLE_USER_SCRIPT_SANDBOXING = YES;
				GCC_C_LANGUAGE_STANDARD = gnu17;
				GENERATE_INFOPLIST_FILE = YES;
				INFOPLIST_FILE = "Data Otter iOS Widget/Info.plist";
				INFOPLIST_KEY_CFBundleDisplayName = "Data Otter iOS Widget";
				INFOPLIST_KEY_NSHumanReadableCopyright = "";
				IPHONEOS_DEPLOYMENT_TARGET = 17.4;
				LD_RUNPATH_SEARCH_PATHS = (
					"$(inherited)",
					"@executable_path/Frameworks",
					"@executable_path/../../Frameworks",
				);
				LOCALIZATION_PREFERS_STRING_CATALOGS = YES;
				MARKETING_VERSION = 1.0;
				PRODUCT_BUNDLE_IDENTIFIER = "zgamelogic.Data-Otter.Data-Otter-iOS-Widget";
				PRODUCT_NAME = "$(TARGET_NAME)";
				SKIP_INSTALL = YES;
				SWIFT_EMIT_LOC_STRINGS = YES;
				SWIFT_VERSION = 5.0;
				TARGETED_DEVICE_FAMILY = "1,2";
			};
			name = Release;
		};
		B59747482A41DBF700A5DA4C /* Debug */ = {
			isa = XCBuildConfiguration;
			buildSettings = {
				ALWAYS_SEARCH_USER_PATHS = NO;
				ASSETCATALOG_COMPILER_GENERATE_SWIFT_ASSET_SYMBOL_EXTENSIONS = YES;
				CLANG_ANALYZER_NONNULL = YES;
				CLANG_ANALYZER_NUMBER_OBJECT_CONVERSION = YES_AGGRESSIVE;
				CLANG_CXX_LANGUAGE_STANDARD = "gnu++20";
				CLANG_ENABLE_MODULES = YES;
				CLANG_ENABLE_OBJC_ARC = YES;
				CLANG_ENABLE_OBJC_WEAK = YES;
				CLANG_WARN_BLOCK_CAPTURE_AUTORELEASING = YES;
				CLANG_WARN_BOOL_CONVERSION = YES;
				CLANG_WARN_COMMA = YES;
				CLANG_WARN_CONSTANT_CONVERSION = YES;
				CLANG_WARN_DEPRECATED_OBJC_IMPLEMENTATIONS = YES;
				CLANG_WARN_DIRECT_OBJC_ISA_USAGE = YES_ERROR;
				CLANG_WARN_DOCUMENTATION_COMMENTS = YES;
				CLANG_WARN_EMPTY_BODY = YES;
				CLANG_WARN_ENUM_CONVERSION = YES;
				CLANG_WARN_INFINITE_RECURSION = YES;
				CLANG_WARN_INT_CONVERSION = YES;
				CLANG_WARN_NON_LITERAL_NULL_CONVERSION = YES;
				CLANG_WARN_OBJC_IMPLICIT_RETAIN_SELF = YES;
				CLANG_WARN_OBJC_LITERAL_CONVERSION = YES;
				CLANG_WARN_OBJC_ROOT_CLASS = YES_ERROR;
				CLANG_WARN_QUOTED_INCLUDE_IN_FRAMEWORK_HEADER = YES;
				CLANG_WARN_RANGE_LOOP_ANALYSIS = YES;
				CLANG_WARN_STRICT_PROTOTYPES = YES;
				CLANG_WARN_SUSPICIOUS_MOVE = YES;
				CLANG_WARN_UNGUARDED_AVAILABILITY = YES_AGGRESSIVE;
				CLANG_WARN_UNREACHABLE_CODE = YES;
				CLANG_WARN__DUPLICATE_METHOD_MATCH = YES;
				COPY_PHASE_STRIP = NO;
				DEBUG_INFORMATION_FORMAT = dwarf;
				ENABLE_STRICT_OBJC_MSGSEND = YES;
				ENABLE_TESTABILITY = YES;
				GCC_C_LANGUAGE_STANDARD = gnu11;
				GCC_DYNAMIC_NO_PIC = NO;
				GCC_NO_COMMON_BLOCKS = YES;
				GCC_OPTIMIZATION_LEVEL = 0;
				GCC_PREPROCESSOR_DEFINITIONS = (
					"DEBUG=1",
					"$(inherited)",
				);
				GCC_WARN_64_TO_32_BIT_CONVERSION = YES;
				GCC_WARN_ABOUT_RETURN_TYPE = YES_ERROR;
				GCC_WARN_UNDECLARED_SELECTOR = YES;
				GCC_WARN_UNINITIALIZED_AUTOS = YES_AGGRESSIVE;
				GCC_WARN_UNUSED_FUNCTION = YES;
				GCC_WARN_UNUSED_VARIABLE = YES;
				IPHONEOS_DEPLOYMENT_TARGET = 16.4;
				MTL_ENABLE_DEBUG_INFO = INCLUDE_SOURCE;
				MTL_FAST_MATH = YES;
				ONLY_ACTIVE_ARCH = YES;
				SDKROOT = iphoneos;
				SWIFT_ACTIVE_COMPILATION_CONDITIONS = DEBUG;
				SWIFT_OPTIMIZATION_LEVEL = "-Onone";
			};
			name = Debug;
		};
		B59747492A41DBF700A5DA4C /* Release */ = {
			isa = XCBuildConfiguration;
			buildSettings = {
				ALWAYS_SEARCH_USER_PATHS = NO;
				ASSETCATALOG_COMPILER_GENERATE_SWIFT_ASSET_SYMBOL_EXTENSIONS = YES;
				CLANG_ANALYZER_NONNULL = YES;
				CLANG_ANALYZER_NUMBER_OBJECT_CONVERSION = YES_AGGRESSIVE;
				CLANG_CXX_LANGUAGE_STANDARD = "gnu++20";
				CLANG_ENABLE_MODULES = YES;
				CLANG_ENABLE_OBJC_ARC = YES;
				CLANG_ENABLE_OBJC_WEAK = YES;
				CLANG_WARN_BLOCK_CAPTURE_AUTORELEASING = YES;
				CLANG_WARN_BOOL_CONVERSION = YES;
				CLANG_WARN_COMMA = YES;
				CLANG_WARN_CONSTANT_CONVERSION = YES;
				CLANG_WARN_DEPRECATED_OBJC_IMPLEMENTATIONS = YES;
				CLANG_WARN_DIRECT_OBJC_ISA_USAGE = YES_ERROR;
				CLANG_WARN_DOCUMENTATION_COMMENTS = YES;
				CLANG_WARN_EMPTY_BODY = YES;
				CLANG_WARN_ENUM_CONVERSION = YES;
				CLANG_WARN_INFINITE_RECURSION = YES;
				CLANG_WARN_INT_CONVERSION = YES;
				CLANG_WARN_NON_LITERAL_NULL_CONVERSION = YES;
				CLANG_WARN_OBJC_IMPLICIT_RETAIN_SELF = YES;
				CLANG_WARN_OBJC_LITERAL_CONVERSION = YES;
				CLANG_WARN_OBJC_ROOT_CLASS = YES_ERROR;
				CLANG_WARN_QUOTED_INCLUDE_IN_FRAMEWORK_HEADER = YES;
				CLANG_WARN_RANGE_LOOP_ANALYSIS = YES;
				CLANG_WARN_STRICT_PROTOTYPES = YES;
				CLANG_WARN_SUSPICIOUS_MOVE = YES;
				CLANG_WARN_UNGUARDED_AVAILABILITY = YES_AGGRESSIVE;
				CLANG_WARN_UNREACHABLE_CODE = YES;
				CLANG_WARN__DUPLICATE_METHOD_MATCH = YES;
				COPY_PHASE_STRIP = NO;
				DEBUG_INFORMATION_FORMAT = "dwarf-with-dsym";
				ENABLE_NS_ASSERTIONS = NO;
				ENABLE_STRICT_OBJC_MSGSEND = YES;
				GCC_C_LANGUAGE_STANDARD = gnu11;
				GCC_NO_COMMON_BLOCKS = YES;
				GCC_WARN_64_TO_32_BIT_CONVERSION = YES;
				GCC_WARN_ABOUT_RETURN_TYPE = YES_ERROR;
				GCC_WARN_UNDECLARED_SELECTOR = YES;
				GCC_WARN_UNINITIALIZED_AUTOS = YES_AGGRESSIVE;
				GCC_WARN_UNUSED_FUNCTION = YES;
				GCC_WARN_UNUSED_VARIABLE = YES;
				IPHONEOS_DEPLOYMENT_TARGET = 16.4;
				MTL_ENABLE_DEBUG_INFO = NO;
				MTL_FAST_MATH = YES;
				SDKROOT = iphoneos;
				SWIFT_COMPILATION_MODE = wholemodule;
				SWIFT_OPTIMIZATION_LEVEL = "-O";
				VALIDATE_PRODUCT = YES;
			};
			name = Release;
		};
/* End XCBuildConfiguration section */

/* Begin XCConfigurationList section */
		B5210EBA2BF5950D00854A3C /* Build configuration list for PBXNativeTarget "Data Otter WatchOS Watch App" */ = {
			isa = XCConfigurationList;
			buildConfigurations = (
				B5210EBB2BF5950D00854A3C /* Debug */,
				B5210EBC2BF5950D00854A3C /* Release */,
			);
			defaultConfigurationIsVisible = 0;
			defaultConfigurationName = Release;
		};
		B5210ED02BF5959600854A3C /* Build configuration list for PBXNativeTarget "Data Otter WatchOS WidgetExtension" */ = {
			isa = XCConfigurationList;
			buildConfigurations = (
				B5210ED12BF5959600854A3C /* Debug */,
				B5210ED22BF5959600854A3C /* Release */,
			);
			defaultConfigurationIsVisible = 0;
			defaultConfigurationName = Release;
		};
		B5745BBF2BF531A20049B304 /* Build configuration list for PBXNativeTarget "Data Otter iOS Widget GraphExtension" */ = {
			isa = XCConfigurationList;
			buildConfigurations = (
				B5745BC02BF531A20049B304 /* Debug */,
				B5745BC12BF531A20049B304 /* Release */,
			);
			defaultConfigurationIsVisible = 0;
			defaultConfigurationName = Release;
		};
		B586C9D82BF25579009A564A /* Build configuration list for PBXNativeTarget "Data Otter" */ = {
			isa = XCConfigurationList;
			buildConfigurations = (
				B586C9D92BF25579009A564A /* Debug */,
				B586C9DA2BF25579009A564A /* Release */,
			);
			defaultConfigurationIsVisible = 0;
			defaultConfigurationName = Release;
		};
		B586CA032BF3DB8F009A564A /* Build configuration list for PBXNativeTarget "Data Otter iOS WidgetExtension" */ = {
			isa = XCConfigurationList;
			buildConfigurations = (
				B586CA042BF3DB8F009A564A /* Debug */,
				B586CA052BF3DB8F009A564A /* Release */,
			);
			defaultConfigurationIsVisible = 0;
			defaultConfigurationName = Release;
		};
		B59747372A41DBF600A5DA4C /* Build configuration list for PBXProject "Monitors" */ = {
			isa = XCConfigurationList;
			buildConfigurations = (
				B59747482A41DBF700A5DA4C /* Debug */,
				B59747492A41DBF700A5DA4C /* Release */,
			);
			defaultConfigurationIsVisible = 0;
			defaultConfigurationName = Release;
		};
/* End XCConfigurationList section */
	};
	rootObject = B59747342A41DBF600A5DA4C /* Project object */;
}
